
Microsoft Visual Studio Solution File, Format Version 11.00
# Visual Studio 2010
Project("{8BC9CEB8-8B4A-11D0-8D11-00A0C91BC942}") = "Ascension", "Engine\Ascension\Ascension.vcxproj", "{3740F976-0B42-44D6-BBB5-500FB527AD52}"
	ProjectSection(ProjectDependencies) = postProject
		{7647A02D-BE30-49AF-937F-DCB243142947} = {7647A02D-BE30-49AF-937F-DCB243142947}
		{4BA83D4B-0167-4CBC-AC7B-9C52FB581736} = {4BA83D4B-0167-4CBC-AC7B-9C52FB581736}
		{32CF1568-8FFE-48C7-914B-9F8ED5F14D30} = {32CF1568-8FFE-48C7-914B-9F8ED5F14D30}
		{244FE18D-6CF8-4FFE-BB4B-E48E3B3B8157} = {244FE18D-6CF8-4FFE-BB4B-E48E3B3B8157}
		{18BEB38F-1F91-4D2A-8EA9-F010F6B55296} = {18BEB38F-1F91-4D2A-8EA9-F010F6B55296}
		{5D8900C3-4733-4F4B-B261-C2A05E75D97C} = {5D8900C3-4733-4F4B-B261-C2A05E75D97C}
		{74E2BECE-7E00-43B0-9700-BBEEF31002BB} = {74E2BECE-7E00-43B0-9700-BBEEF31002BB}
		{A74B3EE0-B2BB-42D8-9DC4-BBC8301F0F5F} = {A74B3EE0-B2BB-42D8-9DC4-BBC8301F0F5F}
		{BC6E42F8-4629-4D7D-9B58-1AD8B1DC2CB7} = {BC6E42F8-4629-4D7D-9B58-1AD8B1DC2CB7}
	EndProjectSection
EndProject
Project("{8BC9CEB8-8B4A-11D0-8D11-00A0C91BC942}") = "Common", "Engine\Common\Common.vcxproj", "{5D8900C3-4733-4F4B-B261-C2A05E75D97C}"
	ProjectSection(ProjectDependencies) = postProject
		{7647A02D-BE30-49AF-937F-DCB243142947} = {7647A02D-BE30-49AF-937F-DCB243142947}
		{253FA6F4-15F9-4780-B6C2-92B4B6EED46B} = {253FA6F4-15F9-4780-B6C2-92B4B6EED46B}
	EndProjectSection
EndProject
Project("{8BC9CEB8-8B4A-11D0-8D11-00A0C91BC942}") = "Data Types", "Engine\Data Types\Data Types.vcxproj", "{7647A02D-BE30-49AF-937F-DCB243142947}"
EndProject
Project("{8BC9CEB8-8B4A-11D0-8D11-00A0C91BC942}") = "GUI", "Engine\GUI\GUI.vcxproj", "{74E2BECE-7E00-43B0-9700-BBEEF31002BB}"
	ProjectSection(ProjectDependencies) = postProject
		{5D8900C3-4733-4F4B-B261-C2A05E75D97C} = {5D8900C3-4733-4F4B-B261-C2A05E75D97C}
	EndProjectSection
EndProject
Project("{8BC9CEB8-8B4A-11D0-8D11-00A0C91BC942}") = "Input", "Engine\Input\Input.vcxproj", "{4BA83D4B-0167-4CBC-AC7B-9C52FB581736}"
	ProjectSection(ProjectDependencies) = postProject
		{5D8900C3-4733-4F4B-B261-C2A05E75D97C} = {5D8900C3-4733-4F4B-B261-C2A05E75D97C}
	EndProjectSection
EndProject
Project("{8BC9CEB8-8B4A-11D0-8D11-00A0C91BC942}") = "Physics", "Engine\Physics\Physics.vcxproj", "{32CF1568-8FFE-48C7-914B-9F8ED5F14D30}"
	ProjectSection(ProjectDependencies) = postProject
		{5D8900C3-4733-4F4B-B261-C2A05E75D97C} = {5D8900C3-4733-4F4B-B261-C2A05E75D97C}
		{253FA6F4-15F9-4780-B6C2-92B4B6EED46B} = {253FA6F4-15F9-4780-B6C2-92B4B6EED46B}
	EndProjectSection
EndProject
Project("{8BC9CEB8-8B4A-11D0-8D11-00A0C91BC942}") = "Printing Press", "Engine\Printing Press\Printing Press.vcxproj", "{BC6E42F8-4629-4D7D-9B58-1AD8B1DC2CB7}"
	ProjectSection(ProjectDependencies) = postProject
		{7647A02D-BE30-49AF-937F-DCB243142947} = {7647A02D-BE30-49AF-937F-DCB243142947}
		{5D8900C3-4733-4F4B-B261-C2A05E75D97C} = {5D8900C3-4733-4F4B-B261-C2A05E75D97C}
	EndProjectSection
EndProject
Project("{8BC9CEB8-8B4A-11D0-8D11-00A0C91BC942}") = "Sound", "Engine\Sound\Sound.vcxproj", "{A74B3EE0-B2BB-42D8-9DC4-BBC8301F0F5F}"
	ProjectSection(ProjectDependencies) = postProject
		{7647A02D-BE30-49AF-937F-DCB243142947} = {7647A02D-BE30-49AF-937F-DCB243142947}
		{5D8900C3-4733-4F4B-B261-C2A05E75D97C} = {5D8900C3-4733-4F4B-B261-C2A05E75D97C}
	EndProjectSection
EndProject
Project("{2150E333-8FDC-42A3-9474-1A3956D46DE8}") = "_Engine", "_Engine", "{8348493F-FB2B-4D0D-985B-0498636369B9}"
EndProject
Project("{2150E333-8FDC-42A3-9474-1A3956D46DE8}") = "Engine Tests", "Engine Tests", "{2E429A47-1008-4646-BFB8-F211948851F4}"
EndProject
Project("{2150E333-8FDC-42A3-9474-1A3956D46DE8}") = "Shaders", "Shaders", "{44AC4FE9-934B-4A13-919D-2B0EB940FDFE}"
EndProject
Project("{8BC9CEB8-8B4A-11D0-8D11-00A0C91BC942}") = "GLES2 Shaders", "GLES2 Shaders\GLES2 Shaders\GLES2 Shaders.vcxproj", "{244FE18D-6CF8-4FFE-BB4B-E48E3B3B8157}"
EndProject
Project("{8BC9CEB8-8B4A-11D0-8D11-00A0C91BC942}") = "Serialization Test", "Engine Tests\Serialization Test\Serialization Test.vcxproj", "{4DC1FF4B-776E-4E9D-B8E9-3419E75E7309}"
	ProjectSection(ProjectDependencies) = postProject
		{3740F976-0B42-44D6-BBB5-500FB527AD52} = {3740F976-0B42-44D6-BBB5-500FB527AD52}
		{5D8900C3-4733-4F4B-B261-C2A05E75D97C} = {5D8900C3-4733-4F4B-B261-C2A05E75D97C}
	EndProjectSection
EndProject
Project("{8BC9CEB8-8B4A-11D0-8D11-00A0C91BC942}") = "Input Test", "Engine Tests\Input Test\Input Test.vcxproj", "{7896646B-4985-4DA7-AFF4-201FFC41097D}"
	ProjectSection(ProjectDependencies) = postProject
		{4BA83D4B-0167-4CBC-AC7B-9C52FB581736} = {4BA83D4B-0167-4CBC-AC7B-9C52FB581736}
		{3740F976-0B42-44D6-BBB5-500FB527AD52} = {3740F976-0B42-44D6-BBB5-500FB527AD52}
		{5D8900C3-4733-4F4B-B261-C2A05E75D97C} = {5D8900C3-4733-4F4B-B261-C2A05E75D97C}
		{BC6E42F8-4629-4D7D-9B58-1AD8B1DC2CB7} = {BC6E42F8-4629-4D7D-9B58-1AD8B1DC2CB7}
	EndProjectSection
EndProject
Project("{8BC9CEB8-8B4A-11D0-8D11-00A0C91BC942}") = "Texture Atlas Test", "Engine Tests\Texture Atlas Test\Texture Atlas Test.vcxproj", "{7669AD39-6D79-49AB-89E5-EB7FFED3A993}"
	ProjectSection(ProjectDependencies) = postProject
		{7647A02D-BE30-49AF-937F-DCB243142947} = {7647A02D-BE30-49AF-937F-DCB243142947}
		{3740F976-0B42-44D6-BBB5-500FB527AD52} = {3740F976-0B42-44D6-BBB5-500FB527AD52}
		{5D8900C3-4733-4F4B-B261-C2A05E75D97C} = {5D8900C3-4733-4F4B-B261-C2A05E75D97C}
	EndProjectSection
EndProject
Project("{2150E333-8FDC-42A3-9474-1A3956D46DE8}") = "_Tools", "_Tools", "{876E0D0D-665A-4AF1-BC00-21E060E87F68}"
EndProject
Project("{8BC9CEB8-8B4A-11D0-8D11-00A0C91BC942}") = "Texture Atlas Creator", "Tools\Texture Atlas Creator\Texture Atlas Creator.vcxproj", "{0AB0C682-0C1A-4861-8B9C-310030764593}"
	ProjectSection(ProjectDependencies) = postProject
		{7647A02D-BE30-49AF-937F-DCB243142947} = {7647A02D-BE30-49AF-937F-DCB243142947}
		{4BA83D4B-0167-4CBC-AC7B-9C52FB581736} = {4BA83D4B-0167-4CBC-AC7B-9C52FB581736}
		{3740F976-0B42-44D6-BBB5-500FB527AD52} = {3740F976-0B42-44D6-BBB5-500FB527AD52}
		{5D8900C3-4733-4F4B-B261-C2A05E75D97C} = {5D8900C3-4733-4F4B-B261-C2A05E75D97C}
		{74E2BECE-7E00-43B0-9700-BBEEF31002BB} = {74E2BECE-7E00-43B0-9700-BBEEF31002BB}
		{BC6E42F8-4629-4D7D-9B58-1AD8B1DC2CB7} = {BC6E42F8-4629-4D7D-9B58-1AD8B1DC2CB7}
	EndProjectSection
EndProject
Project("{8BC9CEB8-8B4A-11D0-8D11-00A0C91BC942}") = "Box2D", "Engine\Box2D_v2.2.1\Build\Box2D\Box2D.vcxproj", "{253FA6F4-15F9-4780-B6C2-92B4B6EED46B}"
EndProject
Project("{8BC9CEB8-8B4A-11D0-8D11-00A0C91BC942}") = "HLSL Shaders", "HLSL Shaders\HLSL Shaders.vcxproj", "{18BEB38F-1F91-4D2A-8EA9-F010F6B55296}"
EndProject
Project("{2150E333-8FDC-42A3-9474-1A3956D46DE8}") = "Game Of Death", "Game Of Death", "{2E9F61C6-C2B9-4380-8DDA-929C514E53EA}"
EndProject
Project("{8BC9CEB8-8B4A-11D0-8D11-00A0C91BC942}") = "Pattern Tester", "Projects\Game Of Death\Pattern Tester\Pattern Tester.vcxproj", "{4B3D80FE-2420-4065-A33C-4162CE4EE340}"
	ProjectSection(ProjectDependencies) = postProject
		{3740F976-0B42-44D6-BBB5-500FB527AD52} = {3740F976-0B42-44D6-BBB5-500FB527AD52}
	EndProjectSection
EndProject
Project("{8BC9CEB8-8B4A-11D0-8D11-00A0C91BC942}") = "Game Of Death", "Projects\Game Of Death\Game Of Death\Game Of Death.vcxproj", "{92C71FFF-CEAC-4C56-B443-AFD287690D84}"
	ProjectSection(ProjectDependencies) = postProject
		{3740F976-0B42-44D6-BBB5-500FB527AD52} = {3740F976-0B42-44D6-BBB5-500FB527AD52}
	EndProjectSection
EndProject
Project("{8BC9CEB8-8B4A-11D0-8D11-00A0C91BC942}") = "Render Hierarchy Test", "Engine Tests\Render Hierarchy Test\Render Hierarchy Test.vcxproj", "{2BD68453-0EC0-4869-894E-2186D7400BA2}"
EndProject
Global
	GlobalSection(SolutionConfigurationPlatforms) = preSolution
		Debug Tests|Any CPU = Debug Tests|Any CPU
		Debug Tests|Mixed Platforms = Debug Tests|Mixed Platforms
		Debug Tests|Win32 = Debug Tests|Win32
		Debug Tests|x64 = Debug Tests|x64
		Debug_GLES2|Any CPU = Debug_GLES2|Any CPU
		Debug_GLES2|Mixed Platforms = Debug_GLES2|Mixed Platforms
		Debug_GLES2|Win32 = Debug_GLES2|Win32
		Debug_GLES2|x64 = Debug_GLES2|x64
		Debug|Any CPU = Debug|Any CPU
		Debug|Mixed Platforms = Debug|Mixed Platforms
		Debug|Win32 = Debug|Win32
		Debug|x64 = Debug|x64
		MinSizeRel|Any CPU = MinSizeRel|Any CPU
		MinSizeRel|Mixed Platforms = MinSizeRel|Mixed Platforms
		MinSizeRel|Win32 = MinSizeRel|Win32
		MinSizeRel|x64 = MinSizeRel|x64
		Release_GLES2|Any CPU = Release_GLES2|Any CPU
		Release_GLES2|Mixed Platforms = Release_GLES2|Mixed Platforms
		Release_GLES2|Win32 = Release_GLES2|Win32
		Release_GLES2|x64 = Release_GLES2|x64
		Release|Any CPU = Release|Any CPU
		Release|Mixed Platforms = Release|Mixed Platforms
		Release|Win32 = Release|Win32
		Release|x64 = Release|x64
		RelWithDebInfo|Any CPU = RelWithDebInfo|Any CPU
		RelWithDebInfo|Mixed Platforms = RelWithDebInfo|Mixed Platforms
		RelWithDebInfo|Win32 = RelWithDebInfo|Win32
		RelWithDebInfo|x64 = RelWithDebInfo|x64
	EndGlobalSection
	GlobalSection(ProjectConfigurationPlatforms) = postSolution
		{3740F976-0B42-44D6-BBB5-500FB527AD52}.Debug Tests|Any CPU.ActiveCfg = Debug Tests|Win32
		{3740F976-0B42-44D6-BBB5-500FB527AD52}.Debug Tests|Mixed Platforms.ActiveCfg = Debug Tests|Win32
		{3740F976-0B42-44D6-BBB5-500FB527AD52}.Debug Tests|Mixed Platforms.Build.0 = Debug Tests|Win32
		{3740F976-0B42-44D6-BBB5-500FB527AD52}.Debug Tests|Win32.ActiveCfg = Debug Tests|Win32
		{3740F976-0B42-44D6-BBB5-500FB527AD52}.Debug Tests|Win32.Build.0 = Debug Tests|Win32
		{3740F976-0B42-44D6-BBB5-500FB527AD52}.Debug Tests|x64.ActiveCfg = Debug GLES2|x64
		{3740F976-0B42-44D6-BBB5-500FB527AD52}.Debug Tests|x64.Build.0 = Debug Tests|x64
		{3740F976-0B42-44D6-BBB5-500FB527AD52}.Debug_GLES2|Any CPU.ActiveCfg = Debug GLES2|Win32
		{3740F976-0B42-44D6-BBB5-500FB527AD52}.Debug_GLES2|Mixed Platforms.ActiveCfg = Debug GLES2|Win32
		{3740F976-0B42-44D6-BBB5-500FB527AD52}.Debug_GLES2|Mixed Platforms.Build.0 = Debug GLES2|Win32
		{3740F976-0B42-44D6-BBB5-500FB527AD52}.Debug_GLES2|Win32.ActiveCfg = Debug GLES2|Win32
		{3740F976-0B42-44D6-BBB5-500FB527AD52}.Debug_GLES2|Win32.Build.0 = Debug GLES2|Win32
		{3740F976-0B42-44D6-BBB5-500FB527AD52}.Debug_GLES2|x64.ActiveCfg = Debug|x64
		{3740F976-0B42-44D6-BBB5-500FB527AD52}.Debug_GLES2|x64.Build.0 = Debug|x64
		{3740F976-0B42-44D6-BBB5-500FB527AD52}.Debug|Any CPU.ActiveCfg = Debug|Win32
		{3740F976-0B42-44D6-BBB5-500FB527AD52}.Debug|Mixed Platforms.ActiveCfg = Debug|Win32
		{3740F976-0B42-44D6-BBB5-500FB527AD52}.Debug|Mixed Platforms.Build.0 = Debug|Win32
		{3740F976-0B42-44D6-BBB5-500FB527AD52}.Debug|Win32.ActiveCfg = Debug|Win32
		{3740F976-0B42-44D6-BBB5-500FB527AD52}.Debug|Win32.Build.0 = Debug|Win32
		{3740F976-0B42-44D6-BBB5-500FB527AD52}.Debug|x64.ActiveCfg = Debug|x64
		{3740F976-0B42-44D6-BBB5-500FB527AD52}.Debug|x64.Build.0 = Debug|x64
		{3740F976-0B42-44D6-BBB5-500FB527AD52}.MinSizeRel|Any CPU.ActiveCfg = Release|Win32
		{3740F976-0B42-44D6-BBB5-500FB527AD52}.MinSizeRel|Mixed Platforms.ActiveCfg = Release|Win32
		{3740F976-0B42-44D6-BBB5-500FB527AD52}.MinSizeRel|Mixed Platforms.Build.0 = Release|Win32
		{3740F976-0B42-44D6-BBB5-500FB527AD52}.MinSizeRel|Win32.ActiveCfg = Release|Win32
		{3740F976-0B42-44D6-BBB5-500FB527AD52}.MinSizeRel|Win32.Build.0 = Release|Win32
		{3740F976-0B42-44D6-BBB5-500FB527AD52}.MinSizeRel|x64.ActiveCfg = Release|x64
		{3740F976-0B42-44D6-BBB5-500FB527AD52}.MinSizeRel|x64.Build.0 = Release|x64
		{3740F976-0B42-44D6-BBB5-500FB527AD52}.Release_GLES2|Any CPU.ActiveCfg = Release_GLES2|x64
		{3740F976-0B42-44D6-BBB5-500FB527AD52}.Release_GLES2|Mixed Platforms.ActiveCfg = Release_GLES2|x64
		{3740F976-0B42-44D6-BBB5-500FB527AD52}.Release_GLES2|Mixed Platforms.Build.0 = Release_GLES2|x64
		{3740F976-0B42-44D6-BBB5-500FB527AD52}.Release_GLES2|Win32.ActiveCfg = Release_GLES2|Win32
		{3740F976-0B42-44D6-BBB5-500FB527AD52}.Release_GLES2|Win32.Build.0 = Release_GLES2|Win32
		{3740F976-0B42-44D6-BBB5-500FB527AD52}.Release_GLES2|x64.ActiveCfg = Release_GLES2|x64
		{3740F976-0B42-44D6-BBB5-500FB527AD52}.Release_GLES2|x64.Build.0 = Release_GLES2|x64
		{3740F976-0B42-44D6-BBB5-500FB527AD52}.Release|Any CPU.ActiveCfg = Release|Win32
		{3740F976-0B42-44D6-BBB5-500FB527AD52}.Release|Mixed Platforms.ActiveCfg = Release|Win32
		{3740F976-0B42-44D6-BBB5-500FB527AD52}.Release|Mixed Platforms.Build.0 = Release|Win32
		{3740F976-0B42-44D6-BBB5-500FB527AD52}.Release|Win32.ActiveCfg = Release|Win32
		{3740F976-0B42-44D6-BBB5-500FB527AD52}.Release|Win32.Build.0 = Release|Win32
		{3740F976-0B42-44D6-BBB5-500FB527AD52}.Release|x64.ActiveCfg = Release|x64
		{3740F976-0B42-44D6-BBB5-500FB527AD52}.Release|x64.Build.0 = Release|x64
		{3740F976-0B42-44D6-BBB5-500FB527AD52}.RelWithDebInfo|Any CPU.ActiveCfg = Release|Win32
		{3740F976-0B42-44D6-BBB5-500FB527AD52}.RelWithDebInfo|Mixed Platforms.ActiveCfg = Release|Win32
		{3740F976-0B42-44D6-BBB5-500FB527AD52}.RelWithDebInfo|Mixed Platforms.Build.0 = Release|Win32
		{3740F976-0B42-44D6-BBB5-500FB527AD52}.RelWithDebInfo|Win32.ActiveCfg = Release|Win32
		{3740F976-0B42-44D6-BBB5-500FB527AD52}.RelWithDebInfo|Win32.Build.0 = Release|Win32
		{3740F976-0B42-44D6-BBB5-500FB527AD52}.RelWithDebInfo|x64.ActiveCfg = Release|x64
		{3740F976-0B42-44D6-BBB5-500FB527AD52}.RelWithDebInfo|x64.Build.0 = Release|x64
		{5D8900C3-4733-4F4B-B261-C2A05E75D97C}.Debug Tests|Any CPU.ActiveCfg = Debug Tests|Win32
		{5D8900C3-4733-4F4B-B261-C2A05E75D97C}.Debug Tests|Mixed Platforms.ActiveCfg = Debug Tests|Win32
		{5D8900C3-4733-4F4B-B261-C2A05E75D97C}.Debug Tests|Mixed Platforms.Build.0 = Debug Tests|Win32
		{5D8900C3-4733-4F4B-B261-C2A05E75D97C}.Debug Tests|Win32.ActiveCfg = Debug Tests|Win32
		{5D8900C3-4733-4F4B-B261-C2A05E75D97C}.Debug Tests|Win32.Build.0 = Debug Tests|Win32
		{5D8900C3-4733-4F4B-B261-C2A05E75D97C}.Debug Tests|x64.ActiveCfg = Debug GLES2|x64
		{5D8900C3-4733-4F4B-B261-C2A05E75D97C}.Debug Tests|x64.Build.0 = Debug Tests|x64
		{5D8900C3-4733-4F4B-B261-C2A05E75D97C}.Debug_GLES2|Any CPU.ActiveCfg = Debug GLES2|Win32
		{5D8900C3-4733-4F4B-B261-C2A05E75D97C}.Debug_GLES2|Mixed Platforms.ActiveCfg = Debug GLES2|Win32
		{5D8900C3-4733-4F4B-B261-C2A05E75D97C}.Debug_GLES2|Mixed Platforms.Build.0 = Debug GLES2|Win32
		{5D8900C3-4733-4F4B-B261-C2A05E75D97C}.Debug_GLES2|Win32.ActiveCfg = Debug GLES2|Win32
		{5D8900C3-4733-4F4B-B261-C2A05E75D97C}.Debug_GLES2|Win32.Build.0 = Debug GLES2|Win32
		{5D8900C3-4733-4F4B-B261-C2A05E75D97C}.Debug_GLES2|x64.ActiveCfg = Debug|x64
		{5D8900C3-4733-4F4B-B261-C2A05E75D97C}.Debug_GLES2|x64.Build.0 = Debug|x64
		{5D8900C3-4733-4F4B-B261-C2A05E75D97C}.Debug|Any CPU.ActiveCfg = Debug|Win32
		{5D8900C3-4733-4F4B-B261-C2A05E75D97C}.Debug|Mixed Platforms.ActiveCfg = Debug|Win32
		{5D8900C3-4733-4F4B-B261-C2A05E75D97C}.Debug|Mixed Platforms.Build.0 = Debug|Win32
		{5D8900C3-4733-4F4B-B261-C2A05E75D97C}.Debug|Win32.ActiveCfg = Debug|Win32
		{5D8900C3-4733-4F4B-B261-C2A05E75D97C}.Debug|Win32.Build.0 = Debug|Win32
		{5D8900C3-4733-4F4B-B261-C2A05E75D97C}.Debug|x64.ActiveCfg = Debug|x64
		{5D8900C3-4733-4F4B-B261-C2A05E75D97C}.Debug|x64.Build.0 = Debug|x64
		{5D8900C3-4733-4F4B-B261-C2A05E75D97C}.MinSizeRel|Any CPU.ActiveCfg = Release|Win32
		{5D8900C3-4733-4F4B-B261-C2A05E75D97C}.MinSizeRel|Mixed Platforms.ActiveCfg = Release|Win32
		{5D8900C3-4733-4F4B-B261-C2A05E75D97C}.MinSizeRel|Mixed Platforms.Build.0 = Release|Win32
		{5D8900C3-4733-4F4B-B261-C2A05E75D97C}.MinSizeRel|Win32.ActiveCfg = Release|Win32
		{5D8900C3-4733-4F4B-B261-C2A05E75D97C}.MinSizeRel|Win32.Build.0 = Release|Win32
		{5D8900C3-4733-4F4B-B261-C2A05E75D97C}.MinSizeRel|x64.ActiveCfg = Release|x64
		{5D8900C3-4733-4F4B-B261-C2A05E75D97C}.MinSizeRel|x64.Build.0 = Release|x64
		{5D8900C3-4733-4F4B-B261-C2A05E75D97C}.Release_GLES2|Any CPU.ActiveCfg = Release_GLES2|x64
		{5D8900C3-4733-4F4B-B261-C2A05E75D97C}.Release_GLES2|Mixed Platforms.ActiveCfg = Release_GLES2|x64
		{5D8900C3-4733-4F4B-B261-C2A05E75D97C}.Release_GLES2|Mixed Platforms.Build.0 = Release_GLES2|x64
		{5D8900C3-4733-4F4B-B261-C2A05E75D97C}.Release_GLES2|Win32.ActiveCfg = Release_GLES2|Win32
		{5D8900C3-4733-4F4B-B261-C2A05E75D97C}.Release_GLES2|Win32.Build.0 = Release_GLES2|Win32
		{5D8900C3-4733-4F4B-B261-C2A05E75D97C}.Release_GLES2|x64.ActiveCfg = Release_GLES2|x64
		{5D8900C3-4733-4F4B-B261-C2A05E75D97C}.Release_GLES2|x64.Build.0 = Release_GLES2|x64
		{5D8900C3-4733-4F4B-B261-C2A05E75D97C}.Release|Any CPU.ActiveCfg = Release|Win32
		{5D8900C3-4733-4F4B-B261-C2A05E75D97C}.Release|Mixed Platforms.ActiveCfg = Release|Win32
		{5D8900C3-4733-4F4B-B261-C2A05E75D97C}.Release|Mixed Platforms.Build.0 = Release|Win32
		{5D8900C3-4733-4F4B-B261-C2A05E75D97C}.Release|Win32.ActiveCfg = Release|Win32
		{5D8900C3-4733-4F4B-B261-C2A05E75D97C}.Release|Win32.Build.0 = Release|Win32
		{5D8900C3-4733-4F4B-B261-C2A05E75D97C}.Release|x64.ActiveCfg = Release|x64
		{5D8900C3-4733-4F4B-B261-C2A05E75D97C}.Release|x64.Build.0 = Release|x64
		{5D8900C3-4733-4F4B-B261-C2A05E75D97C}.RelWithDebInfo|Any CPU.ActiveCfg = Release|Win32
		{5D8900C3-4733-4F4B-B261-C2A05E75D97C}.RelWithDebInfo|Mixed Platforms.ActiveCfg = Release|Win32
		{5D8900C3-4733-4F4B-B261-C2A05E75D97C}.RelWithDebInfo|Mixed Platforms.Build.0 = Release|Win32
		{5D8900C3-4733-4F4B-B261-C2A05E75D97C}.RelWithDebInfo|Win32.ActiveCfg = Release|Win32
		{5D8900C3-4733-4F4B-B261-C2A05E75D97C}.RelWithDebInfo|Win32.Build.0 = Release|Win32
		{5D8900C3-4733-4F4B-B261-C2A05E75D97C}.RelWithDebInfo|x64.ActiveCfg = Release|x64
		{5D8900C3-4733-4F4B-B261-C2A05E75D97C}.RelWithDebInfo|x64.Build.0 = Release|x64
		{7647A02D-BE30-49AF-937F-DCB243142947}.Debug Tests|Any CPU.ActiveCfg = Debug Tests|Win32
		{7647A02D-BE30-49AF-937F-DCB243142947}.Debug Tests|Mixed Platforms.ActiveCfg = Debug Tests|Win32
		{7647A02D-BE30-49AF-937F-DCB243142947}.Debug Tests|Mixed Platforms.Build.0 = Debug Tests|Win32
		{7647A02D-BE30-49AF-937F-DCB243142947}.Debug Tests|Win32.ActiveCfg = Debug Tests|Win32
		{7647A02D-BE30-49AF-937F-DCB243142947}.Debug Tests|Win32.Build.0 = Debug Tests|Win32
		{7647A02D-BE30-49AF-937F-DCB243142947}.Debug Tests|x64.ActiveCfg = Debug GLES2|x64
		{7647A02D-BE30-49AF-937F-DCB243142947}.Debug Tests|x64.Build.0 = Debug Tests|x64
		{7647A02D-BE30-49AF-937F-DCB243142947}.Debug_GLES2|Any CPU.ActiveCfg = Debug GLES2|Win32
		{7647A02D-BE30-49AF-937F-DCB243142947}.Debug_GLES2|Mixed Platforms.ActiveCfg = Debug GLES2|Win32
		{7647A02D-BE30-49AF-937F-DCB243142947}.Debug_GLES2|Mixed Platforms.Build.0 = Debug GLES2|Win32
		{7647A02D-BE30-49AF-937F-DCB243142947}.Debug_GLES2|Win32.ActiveCfg = Debug GLES2|Win32
		{7647A02D-BE30-49AF-937F-DCB243142947}.Debug_GLES2|Win32.Build.0 = Debug GLES2|Win32
		{7647A02D-BE30-49AF-937F-DCB243142947}.Debug_GLES2|x64.ActiveCfg = Debug|x64
		{7647A02D-BE30-49AF-937F-DCB243142947}.Debug_GLES2|x64.Build.0 = Debug|x64
		{7647A02D-BE30-49AF-937F-DCB243142947}.Debug|Any CPU.ActiveCfg = Debug|Win32
		{7647A02D-BE30-49AF-937F-DCB243142947}.Debug|Mixed Platforms.ActiveCfg = Debug|Win32
		{7647A02D-BE30-49AF-937F-DCB243142947}.Debug|Mixed Platforms.Build.0 = Debug|Win32
		{7647A02D-BE30-49AF-937F-DCB243142947}.Debug|Win32.ActiveCfg = Debug|Win32
		{7647A02D-BE30-49AF-937F-DCB243142947}.Debug|Win32.Build.0 = Debug|Win32
		{7647A02D-BE30-49AF-937F-DCB243142947}.Debug|x64.ActiveCfg = Debug|x64
		{7647A02D-BE30-49AF-937F-DCB243142947}.Debug|x64.Build.0 = Debug|x64
		{7647A02D-BE30-49AF-937F-DCB243142947}.MinSizeRel|Any CPU.ActiveCfg = Release|Win32
		{7647A02D-BE30-49AF-937F-DCB243142947}.MinSizeRel|Mixed Platforms.ActiveCfg = Release|Win32
		{7647A02D-BE30-49AF-937F-DCB243142947}.MinSizeRel|Mixed Platforms.Build.0 = Release|Win32
		{7647A02D-BE30-49AF-937F-DCB243142947}.MinSizeRel|Win32.ActiveCfg = Release|Win32
		{7647A02D-BE30-49AF-937F-DCB243142947}.MinSizeRel|Win32.Build.0 = Release|Win32
		{7647A02D-BE30-49AF-937F-DCB243142947}.MinSizeRel|x64.ActiveCfg = Release|x64
		{7647A02D-BE30-49AF-937F-DCB243142947}.MinSizeRel|x64.Build.0 = Release|x64
		{7647A02D-BE30-49AF-937F-DCB243142947}.Release_GLES2|Any CPU.ActiveCfg = Release_GLES2|x64
		{7647A02D-BE30-49AF-937F-DCB243142947}.Release_GLES2|Mixed Platforms.ActiveCfg = Release_GLES2|x64
		{7647A02D-BE30-49AF-937F-DCB243142947}.Release_GLES2|Mixed Platforms.Build.0 = Release_GLES2|x64
		{7647A02D-BE30-49AF-937F-DCB243142947}.Release_GLES2|Win32.ActiveCfg = Release_GLES2|Win32
		{7647A02D-BE30-49AF-937F-DCB243142947}.Release_GLES2|Win32.Build.0 = Release_GLES2|Win32
		{7647A02D-BE30-49AF-937F-DCB243142947}.Release_GLES2|x64.ActiveCfg = Release_GLES2|x64
		{7647A02D-BE30-49AF-937F-DCB243142947}.Release_GLES2|x64.Build.0 = Release_GLES2|x64
		{7647A02D-BE30-49AF-937F-DCB243142947}.Release|Any CPU.ActiveCfg = Release|Win32
		{7647A02D-BE30-49AF-937F-DCB243142947}.Release|Mixed Platforms.ActiveCfg = Release|Win32
		{7647A02D-BE30-49AF-937F-DCB243142947}.Release|Mixed Platforms.Build.0 = Release|Win32
		{7647A02D-BE30-49AF-937F-DCB243142947}.Release|Win32.ActiveCfg = Release|Win32
		{7647A02D-BE30-49AF-937F-DCB243142947}.Release|Win32.Build.0 = Release|Win32
		{7647A02D-BE30-49AF-937F-DCB243142947}.Release|x64.ActiveCfg = Release|x64
		{7647A02D-BE30-49AF-937F-DCB243142947}.Release|x64.Build.0 = Release|x64
		{7647A02D-BE30-49AF-937F-DCB243142947}.RelWithDebInfo|Any CPU.ActiveCfg = Release|Win32
		{7647A02D-BE30-49AF-937F-DCB243142947}.RelWithDebInfo|Mixed Platforms.ActiveCfg = Release|Win32
		{7647A02D-BE30-49AF-937F-DCB243142947}.RelWithDebInfo|Mixed Platforms.Build.0 = Release|Win32
		{7647A02D-BE30-49AF-937F-DCB243142947}.RelWithDebInfo|Win32.ActiveCfg = Release|Win32
		{7647A02D-BE30-49AF-937F-DCB243142947}.RelWithDebInfo|Win32.Build.0 = Release|Win32
		{7647A02D-BE30-49AF-937F-DCB243142947}.RelWithDebInfo|x64.ActiveCfg = Release|x64
		{7647A02D-BE30-49AF-937F-DCB243142947}.RelWithDebInfo|x64.Build.0 = Release|x64
		{74E2BECE-7E00-43B0-9700-BBEEF31002BB}.Debug Tests|Any CPU.ActiveCfg = Debug|Win32
		{74E2BECE-7E00-43B0-9700-BBEEF31002BB}.Debug Tests|Mixed Platforms.ActiveCfg = Debug|Win32
		{74E2BECE-7E00-43B0-9700-BBEEF31002BB}.Debug Tests|Mixed Platforms.Build.0 = Debug|Win32
		{74E2BECE-7E00-43B0-9700-BBEEF31002BB}.Debug Tests|Win32.ActiveCfg = Debug|Win32
		{74E2BECE-7E00-43B0-9700-BBEEF31002BB}.Debug Tests|Win32.Build.0 = Debug|Win32
		{74E2BECE-7E00-43B0-9700-BBEEF31002BB}.Debug Tests|x64.ActiveCfg = Debug GLES2|x64
		{74E2BECE-7E00-43B0-9700-BBEEF31002BB}.Debug Tests|x64.Build.0 = Debug GLES2|x64
		{74E2BECE-7E00-43B0-9700-BBEEF31002BB}.Debug_GLES2|Any CPU.ActiveCfg = Debug GLES2|Win32
		{74E2BECE-7E00-43B0-9700-BBEEF31002BB}.Debug_GLES2|Mixed Platforms.ActiveCfg = Debug GLES2|Win32
		{74E2BECE-7E00-43B0-9700-BBEEF31002BB}.Debug_GLES2|Mixed Platforms.Build.0 = Debug GLES2|Win32
		{74E2BECE-7E00-43B0-9700-BBEEF31002BB}.Debug_GLES2|Win32.ActiveCfg = Debug GLES2|Win32
		{74E2BECE-7E00-43B0-9700-BBEEF31002BB}.Debug_GLES2|Win32.Build.0 = Debug GLES2|Win32
		{74E2BECE-7E00-43B0-9700-BBEEF31002BB}.Debug_GLES2|x64.ActiveCfg = Debug|x64
		{74E2BECE-7E00-43B0-9700-BBEEF31002BB}.Debug_GLES2|x64.Build.0 = Debug|x64
		{74E2BECE-7E00-43B0-9700-BBEEF31002BB}.Debug|Any CPU.ActiveCfg = Debug|Win32
		{74E2BECE-7E00-43B0-9700-BBEEF31002BB}.Debug|Mixed Platforms.ActiveCfg = Debug|Win32
		{74E2BECE-7E00-43B0-9700-BBEEF31002BB}.Debug|Mixed Platforms.Build.0 = Debug|Win32
		{74E2BECE-7E00-43B0-9700-BBEEF31002BB}.Debug|Win32.ActiveCfg = Debug|Win32
		{74E2BECE-7E00-43B0-9700-BBEEF31002BB}.Debug|Win32.Build.0 = Debug|Win32
		{74E2BECE-7E00-43B0-9700-BBEEF31002BB}.Debug|x64.ActiveCfg = Debug|x64
		{74E2BECE-7E00-43B0-9700-BBEEF31002BB}.Debug|x64.Build.0 = Debug|x64
		{74E2BECE-7E00-43B0-9700-BBEEF31002BB}.MinSizeRel|Any CPU.ActiveCfg = Release|Win32
		{74E2BECE-7E00-43B0-9700-BBEEF31002BB}.MinSizeRel|Mixed Platforms.ActiveCfg = Release|Win32
		{74E2BECE-7E00-43B0-9700-BBEEF31002BB}.MinSizeRel|Mixed Platforms.Build.0 = Release|Win32
		{74E2BECE-7E00-43B0-9700-BBEEF31002BB}.MinSizeRel|Win32.ActiveCfg = Release|Win32
		{74E2BECE-7E00-43B0-9700-BBEEF31002BB}.MinSizeRel|Win32.Build.0 = Release|Win32
		{74E2BECE-7E00-43B0-9700-BBEEF31002BB}.MinSizeRel|x64.ActiveCfg = Release|x64
		{74E2BECE-7E00-43B0-9700-BBEEF31002BB}.MinSizeRel|x64.Build.0 = Release|x64
		{74E2BECE-7E00-43B0-9700-BBEEF31002BB}.Release_GLES2|Any CPU.ActiveCfg = Release_GLES2|x64
		{74E2BECE-7E00-43B0-9700-BBEEF31002BB}.Release_GLES2|Mixed Platforms.ActiveCfg = Release_GLES2|x64
		{74E2BECE-7E00-43B0-9700-BBEEF31002BB}.Release_GLES2|Mixed Platforms.Build.0 = Release_GLES2|x64
		{74E2BECE-7E00-43B0-9700-BBEEF31002BB}.Release_GLES2|Win32.ActiveCfg = Release_GLES2|Win32
		{74E2BECE-7E00-43B0-9700-BBEEF31002BB}.Release_GLES2|Win32.Build.0 = Release_GLES2|Win32
		{74E2BECE-7E00-43B0-9700-BBEEF31002BB}.Release_GLES2|x64.ActiveCfg = Release_GLES2|x64
		{74E2BECE-7E00-43B0-9700-BBEEF31002BB}.Release_GLES2|x64.Build.0 = Release_GLES2|x64
		{74E2BECE-7E00-43B0-9700-BBEEF31002BB}.Release|Any CPU.ActiveCfg = Release|Win32
		{74E2BECE-7E00-43B0-9700-BBEEF31002BB}.Release|Mixed Platforms.ActiveCfg = Release|Win32
		{74E2BECE-7E00-43B0-9700-BBEEF31002BB}.Release|Mixed Platforms.Build.0 = Release|Win32
		{74E2BECE-7E00-43B0-9700-BBEEF31002BB}.Release|Win32.ActiveCfg = Release|Win32
		{74E2BECE-7E00-43B0-9700-BBEEF31002BB}.Release|Win32.Build.0 = Release|Win32
		{74E2BECE-7E00-43B0-9700-BBEEF31002BB}.Release|x64.ActiveCfg = Release|x64
		{74E2BECE-7E00-43B0-9700-BBEEF31002BB}.Release|x64.Build.0 = Release|x64
		{74E2BECE-7E00-43B0-9700-BBEEF31002BB}.RelWithDebInfo|Any CPU.ActiveCfg = Release|Win32
		{74E2BECE-7E00-43B0-9700-BBEEF31002BB}.RelWithDebInfo|Mixed Platforms.ActiveCfg = Release|Win32
		{74E2BECE-7E00-43B0-9700-BBEEF31002BB}.RelWithDebInfo|Mixed Platforms.Build.0 = Release|Win32
		{74E2BECE-7E00-43B0-9700-BBEEF31002BB}.RelWithDebInfo|Win32.ActiveCfg = Release|Win32
		{74E2BECE-7E00-43B0-9700-BBEEF31002BB}.RelWithDebInfo|Win32.Build.0 = Release|Win32
		{74E2BECE-7E00-43B0-9700-BBEEF31002BB}.RelWithDebInfo|x64.ActiveCfg = Release|x64
		{74E2BECE-7E00-43B0-9700-BBEEF31002BB}.RelWithDebInfo|x64.Build.0 = Release|x64
		{4BA83D4B-0167-4CBC-AC7B-9C52FB581736}.Debug Tests|Any CPU.ActiveCfg = Debug|Win32
		{4BA83D4B-0167-4CBC-AC7B-9C52FB581736}.Debug Tests|Mixed Platforms.ActiveCfg = Debug|Win32
		{4BA83D4B-0167-4CBC-AC7B-9C52FB581736}.Debug Tests|Mixed Platforms.Build.0 = Debug|Win32
		{4BA83D4B-0167-4CBC-AC7B-9C52FB581736}.Debug Tests|Win32.ActiveCfg = Debug|Win32
		{4BA83D4B-0167-4CBC-AC7B-9C52FB581736}.Debug Tests|Win32.Build.0 = Debug|Win32
		{4BA83D4B-0167-4CBC-AC7B-9C52FB581736}.Debug Tests|x64.ActiveCfg = Debug GLES2|x64
		{4BA83D4B-0167-4CBC-AC7B-9C52FB581736}.Debug Tests|x64.Build.0 = Debug GLES2|x64
		{4BA83D4B-0167-4CBC-AC7B-9C52FB581736}.Debug_GLES2|Any CPU.ActiveCfg = Debug GLES2|Win32
		{4BA83D4B-0167-4CBC-AC7B-9C52FB581736}.Debug_GLES2|Mixed Platforms.ActiveCfg = Debug GLES2|Win32
		{4BA83D4B-0167-4CBC-AC7B-9C52FB581736}.Debug_GLES2|Mixed Platforms.Build.0 = Debug GLES2|Win32
		{4BA83D4B-0167-4CBC-AC7B-9C52FB581736}.Debug_GLES2|Win32.ActiveCfg = Debug GLES2|Win32
		{4BA83D4B-0167-4CBC-AC7B-9C52FB581736}.Debug_GLES2|Win32.Build.0 = Debug GLES2|Win32
		{4BA83D4B-0167-4CBC-AC7B-9C52FB581736}.Debug_GLES2|x64.ActiveCfg = Debug|x64
		{4BA83D4B-0167-4CBC-AC7B-9C52FB581736}.Debug_GLES2|x64.Build.0 = Debug|x64
		{4BA83D4B-0167-4CBC-AC7B-9C52FB581736}.Debug|Any CPU.ActiveCfg = Debug|Win32
		{4BA83D4B-0167-4CBC-AC7B-9C52FB581736}.Debug|Mixed Platforms.ActiveCfg = Debug|Win32
		{4BA83D4B-0167-4CBC-AC7B-9C52FB581736}.Debug|Mixed Platforms.Build.0 = Debug|Win32
		{4BA83D4B-0167-4CBC-AC7B-9C52FB581736}.Debug|Win32.ActiveCfg = Debug|Win32
		{4BA83D4B-0167-4CBC-AC7B-9C52FB581736}.Debug|Win32.Build.0 = Debug|Win32
		{4BA83D4B-0167-4CBC-AC7B-9C52FB581736}.Debug|x64.ActiveCfg = Debug|x64
		{4BA83D4B-0167-4CBC-AC7B-9C52FB581736}.Debug|x64.Build.0 = Debug|x64
		{4BA83D4B-0167-4CBC-AC7B-9C52FB581736}.MinSizeRel|Any CPU.ActiveCfg = Release|Win32
		{4BA83D4B-0167-4CBC-AC7B-9C52FB581736}.MinSizeRel|Mixed Platforms.ActiveCfg = Release|Win32
		{4BA83D4B-0167-4CBC-AC7B-9C52FB581736}.MinSizeRel|Mixed Platforms.Build.0 = Release|Win32
		{4BA83D4B-0167-4CBC-AC7B-9C52FB581736}.MinSizeRel|Win32.ActiveCfg = Release|Win32
		{4BA83D4B-0167-4CBC-AC7B-9C52FB581736}.MinSizeRel|Win32.Build.0 = Release|Win32
		{4BA83D4B-0167-4CBC-AC7B-9C52FB581736}.MinSizeRel|x64.ActiveCfg = Release|x64
		{4BA83D4B-0167-4CBC-AC7B-9C52FB581736}.MinSizeRel|x64.Build.0 = Release|x64
		{4BA83D4B-0167-4CBC-AC7B-9C52FB581736}.Release_GLES2|Any CPU.ActiveCfg = Release_GLES2|x64
		{4BA83D4B-0167-4CBC-AC7B-9C52FB581736}.Release_GLES2|Mixed Platforms.ActiveCfg = Release_GLES2|x64
		{4BA83D4B-0167-4CBC-AC7B-9C52FB581736}.Release_GLES2|Mixed Platforms.Build.0 = Release_GLES2|x64
		{4BA83D4B-0167-4CBC-AC7B-9C52FB581736}.Release_GLES2|Win32.ActiveCfg = Release_GLES2|Win32
		{4BA83D4B-0167-4CBC-AC7B-9C52FB581736}.Release_GLES2|Win32.Build.0 = Release_GLES2|Win32
		{4BA83D4B-0167-4CBC-AC7B-9C52FB581736}.Release_GLES2|x64.ActiveCfg = Release_GLES2|x64
		{4BA83D4B-0167-4CBC-AC7B-9C52FB581736}.Release_GLES2|x64.Build.0 = Release_GLES2|x64
		{4BA83D4B-0167-4CBC-AC7B-9C52FB581736}.Release|Any CPU.ActiveCfg = Release|Win32
		{4BA83D4B-0167-4CBC-AC7B-9C52FB581736}.Release|Mixed Platforms.ActiveCfg = Release|Win32
		{4BA83D4B-0167-4CBC-AC7B-9C52FB581736}.Release|Mixed Platforms.Build.0 = Release|Win32
		{4BA83D4B-0167-4CBC-AC7B-9C52FB581736}.Release|Win32.ActiveCfg = Release|Win32
		{4BA83D4B-0167-4CBC-AC7B-9C52FB581736}.Release|Win32.Build.0 = Release|Win32
		{4BA83D4B-0167-4CBC-AC7B-9C52FB581736}.Release|x64.ActiveCfg = Release|x64
		{4BA83D4B-0167-4CBC-AC7B-9C52FB581736}.Release|x64.Build.0 = Release|x64
		{4BA83D4B-0167-4CBC-AC7B-9C52FB581736}.RelWithDebInfo|Any CPU.ActiveCfg = Release|Win32
		{4BA83D4B-0167-4CBC-AC7B-9C52FB581736}.RelWithDebInfo|Mixed Platforms.ActiveCfg = Release|Win32
		{4BA83D4B-0167-4CBC-AC7B-9C52FB581736}.RelWithDebInfo|Mixed Platforms.Build.0 = Release|Win32
		{4BA83D4B-0167-4CBC-AC7B-9C52FB581736}.RelWithDebInfo|Win32.ActiveCfg = Release|Win32
		{4BA83D4B-0167-4CBC-AC7B-9C52FB581736}.RelWithDebInfo|Win32.Build.0 = Release|Win32
		{4BA83D4B-0167-4CBC-AC7B-9C52FB581736}.RelWithDebInfo|x64.ActiveCfg = Release|x64
		{4BA83D4B-0167-4CBC-AC7B-9C52FB581736}.RelWithDebInfo|x64.Build.0 = Release|x64
		{32CF1568-8FFE-48C7-914B-9F8ED5F14D30}.Debug Tests|Any CPU.ActiveCfg = Debug|Win32
		{32CF1568-8FFE-48C7-914B-9F8ED5F14D30}.Debug Tests|Mixed Platforms.ActiveCfg = Debug|Win32
		{32CF1568-8FFE-48C7-914B-9F8ED5F14D30}.Debug Tests|Mixed Platforms.Build.0 = Debug|Win32
		{32CF1568-8FFE-48C7-914B-9F8ED5F14D30}.Debug Tests|Win32.ActiveCfg = Debug|Win32
		{32CF1568-8FFE-48C7-914B-9F8ED5F14D30}.Debug Tests|Win32.Build.0 = Debug|Win32
		{32CF1568-8FFE-48C7-914B-9F8ED5F14D30}.Debug Tests|x64.ActiveCfg = Debug GLES2|x64
		{32CF1568-8FFE-48C7-914B-9F8ED5F14D30}.Debug Tests|x64.Build.0 = Debug GLES2|x64
		{32CF1568-8FFE-48C7-914B-9F8ED5F14D30}.Debug_GLES2|Any CPU.ActiveCfg = Debug GLES2|Win32
		{32CF1568-8FFE-48C7-914B-9F8ED5F14D30}.Debug_GLES2|Mixed Platforms.ActiveCfg = Debug GLES2|Win32
		{32CF1568-8FFE-48C7-914B-9F8ED5F14D30}.Debug_GLES2|Mixed Platforms.Build.0 = Debug GLES2|Win32
		{32CF1568-8FFE-48C7-914B-9F8ED5F14D30}.Debug_GLES2|Win32.ActiveCfg = Debug GLES2|Win32
		{32CF1568-8FFE-48C7-914B-9F8ED5F14D30}.Debug_GLES2|Win32.Build.0 = Debug GLES2|Win32
		{32CF1568-8FFE-48C7-914B-9F8ED5F14D30}.Debug_GLES2|x64.ActiveCfg = Debug|x64
		{32CF1568-8FFE-48C7-914B-9F8ED5F14D30}.Debug_GLES2|x64.Build.0 = Debug|x64
		{32CF1568-8FFE-48C7-914B-9F8ED5F14D30}.Debug|Any CPU.ActiveCfg = Debug|Win32
		{32CF1568-8FFE-48C7-914B-9F8ED5F14D30}.Debug|Mixed Platforms.ActiveCfg = Debug|Win32
		{32CF1568-8FFE-48C7-914B-9F8ED5F14D30}.Debug|Mixed Platforms.Build.0 = Debug|Win32
		{32CF1568-8FFE-48C7-914B-9F8ED5F14D30}.Debug|Win32.ActiveCfg = Debug|Win32
		{32CF1568-8FFE-48C7-914B-9F8ED5F14D30}.Debug|Win32.Build.0 = Debug|Win32
		{32CF1568-8FFE-48C7-914B-9F8ED5F14D30}.Debug|x64.ActiveCfg = Debug|x64
		{32CF1568-8FFE-48C7-914B-9F8ED5F14D30}.Debug|x64.Build.0 = Debug|x64
		{32CF1568-8FFE-48C7-914B-9F8ED5F14D30}.MinSizeRel|Any CPU.ActiveCfg = Release|Win32
		{32CF1568-8FFE-48C7-914B-9F8ED5F14D30}.MinSizeRel|Mixed Platforms.ActiveCfg = Release|Win32
		{32CF1568-8FFE-48C7-914B-9F8ED5F14D30}.MinSizeRel|Mixed Platforms.Build.0 = Release|Win32
		{32CF1568-8FFE-48C7-914B-9F8ED5F14D30}.MinSizeRel|Win32.ActiveCfg = Release|Win32
		{32CF1568-8FFE-48C7-914B-9F8ED5F14D30}.MinSizeRel|Win32.Build.0 = Release|Win32
		{32CF1568-8FFE-48C7-914B-9F8ED5F14D30}.MinSizeRel|x64.ActiveCfg = Release|x64
		{32CF1568-8FFE-48C7-914B-9F8ED5F14D30}.MinSizeRel|x64.Build.0 = Release|x64
		{32CF1568-8FFE-48C7-914B-9F8ED5F14D30}.Release_GLES2|Any CPU.ActiveCfg = Release_GLES2|x64
		{32CF1568-8FFE-48C7-914B-9F8ED5F14D30}.Release_GLES2|Mixed Platforms.ActiveCfg = Release_GLES2|x64
		{32CF1568-8FFE-48C7-914B-9F8ED5F14D30}.Release_GLES2|Mixed Platforms.Build.0 = Release_GLES2|x64
		{32CF1568-8FFE-48C7-914B-9F8ED5F14D30}.Release_GLES2|Win32.ActiveCfg = Release_GLES2|Win32
		{32CF1568-8FFE-48C7-914B-9F8ED5F14D30}.Release_GLES2|Win32.Build.0 = Release_GLES2|Win32
		{32CF1568-8FFE-48C7-914B-9F8ED5F14D30}.Release_GLES2|x64.ActiveCfg = Release_GLES2|x64
		{32CF1568-8FFE-48C7-914B-9F8ED5F14D30}.Release_GLES2|x64.Build.0 = Release_GLES2|x64
		{32CF1568-8FFE-48C7-914B-9F8ED5F14D30}.Release|Any CPU.ActiveCfg = Release|Win32
		{32CF1568-8FFE-48C7-914B-9F8ED5F14D30}.Release|Mixed Platforms.ActiveCfg = Release|Win32
		{32CF1568-8FFE-48C7-914B-9F8ED5F14D30}.Release|Mixed Platforms.Build.0 = Release|Win32
		{32CF1568-8FFE-48C7-914B-9F8ED5F14D30}.Release|Win32.ActiveCfg = Release|Win32
		{32CF1568-8FFE-48C7-914B-9F8ED5F14D30}.Release|Win32.Build.0 = Release|Win32
		{32CF1568-8FFE-48C7-914B-9F8ED5F14D30}.Release|x64.ActiveCfg = Release|x64
		{32CF1568-8FFE-48C7-914B-9F8ED5F14D30}.Release|x64.Build.0 = Release|x64
		{32CF1568-8FFE-48C7-914B-9F8ED5F14D30}.RelWithDebInfo|Any CPU.ActiveCfg = Release|Win32
		{32CF1568-8FFE-48C7-914B-9F8ED5F14D30}.RelWithDebInfo|Mixed Platforms.ActiveCfg = Release|Win32
		{32CF1568-8FFE-48C7-914B-9F8ED5F14D30}.RelWithDebInfo|Mixed Platforms.Build.0 = Release|Win32
		{32CF1568-8FFE-48C7-914B-9F8ED5F14D30}.RelWithDebInfo|Win32.ActiveCfg = Release|Win32
		{32CF1568-8FFE-48C7-914B-9F8ED5F14D30}.RelWithDebInfo|Win32.Build.0 = Release|Win32
		{32CF1568-8FFE-48C7-914B-9F8ED5F14D30}.RelWithDebInfo|x64.ActiveCfg = Release|x64
		{32CF1568-8FFE-48C7-914B-9F8ED5F14D30}.RelWithDebInfo|x64.Build.0 = Release|x64
		{BC6E42F8-4629-4D7D-9B58-1AD8B1DC2CB7}.Debug Tests|Any CPU.ActiveCfg = Debug|Win32
		{BC6E42F8-4629-4D7D-9B58-1AD8B1DC2CB7}.Debug Tests|Mixed Platforms.ActiveCfg = Debug|Win32
		{BC6E42F8-4629-4D7D-9B58-1AD8B1DC2CB7}.Debug Tests|Mixed Platforms.Build.0 = Debug|Win32
		{BC6E42F8-4629-4D7D-9B58-1AD8B1DC2CB7}.Debug Tests|Win32.ActiveCfg = Debug|Win32
		{BC6E42F8-4629-4D7D-9B58-1AD8B1DC2CB7}.Debug Tests|Win32.Build.0 = Debug|Win32
		{BC6E42F8-4629-4D7D-9B58-1AD8B1DC2CB7}.Debug Tests|x64.ActiveCfg = Debug GLES2|x64
		{BC6E42F8-4629-4D7D-9B58-1AD8B1DC2CB7}.Debug Tests|x64.Build.0 = Debug GLES2|x64
		{BC6E42F8-4629-4D7D-9B58-1AD8B1DC2CB7}.Debug_GLES2|Any CPU.ActiveCfg = Debug GLES2|Win32
		{BC6E42F8-4629-4D7D-9B58-1AD8B1DC2CB7}.Debug_GLES2|Mixed Platforms.ActiveCfg = Debug GLES2|Win32
		{BC6E42F8-4629-4D7D-9B58-1AD8B1DC2CB7}.Debug_GLES2|Mixed Platforms.Build.0 = Debug GLES2|Win32
		{BC6E42F8-4629-4D7D-9B58-1AD8B1DC2CB7}.Debug_GLES2|Win32.ActiveCfg = Debug GLES2|Win32
		{BC6E42F8-4629-4D7D-9B58-1AD8B1DC2CB7}.Debug_GLES2|Win32.Build.0 = Debug GLES2|Win32
		{BC6E42F8-4629-4D7D-9B58-1AD8B1DC2CB7}.Debug_GLES2|x64.ActiveCfg = Debug|x64
		{BC6E42F8-4629-4D7D-9B58-1AD8B1DC2CB7}.Debug_GLES2|x64.Build.0 = Debug|x64
		{BC6E42F8-4629-4D7D-9B58-1AD8B1DC2CB7}.Debug|Any CPU.ActiveCfg = Debug|Win32
		{BC6E42F8-4629-4D7D-9B58-1AD8B1DC2CB7}.Debug|Mixed Platforms.ActiveCfg = Debug|Win32
		{BC6E42F8-4629-4D7D-9B58-1AD8B1DC2CB7}.Debug|Mixed Platforms.Build.0 = Debug|Win32
		{BC6E42F8-4629-4D7D-9B58-1AD8B1DC2CB7}.Debug|Win32.ActiveCfg = Debug|Win32
		{BC6E42F8-4629-4D7D-9B58-1AD8B1DC2CB7}.Debug|Win32.Build.0 = Debug|Win32
		{BC6E42F8-4629-4D7D-9B58-1AD8B1DC2CB7}.Debug|x64.ActiveCfg = Debug|x64
		{BC6E42F8-4629-4D7D-9B58-1AD8B1DC2CB7}.Debug|x64.Build.0 = Debug|x64
		{BC6E42F8-4629-4D7D-9B58-1AD8B1DC2CB7}.MinSizeRel|Any CPU.ActiveCfg = Release|Win32
		{BC6E42F8-4629-4D7D-9B58-1AD8B1DC2CB7}.MinSizeRel|Mixed Platforms.ActiveCfg = Release|Win32
		{BC6E42F8-4629-4D7D-9B58-1AD8B1DC2CB7}.MinSizeRel|Mixed Platforms.Build.0 = Release|Win32
		{BC6E42F8-4629-4D7D-9B58-1AD8B1DC2CB7}.MinSizeRel|Win32.ActiveCfg = Release|Win32
		{BC6E42F8-4629-4D7D-9B58-1AD8B1DC2CB7}.MinSizeRel|Win32.Build.0 = Release|Win32
		{BC6E42F8-4629-4D7D-9B58-1AD8B1DC2CB7}.MinSizeRel|x64.ActiveCfg = Release|x64
		{BC6E42F8-4629-4D7D-9B58-1AD8B1DC2CB7}.MinSizeRel|x64.Build.0 = Release|x64
		{BC6E42F8-4629-4D7D-9B58-1AD8B1DC2CB7}.Release_GLES2|Any CPU.ActiveCfg = Release_GLES2|x64
		{BC6E42F8-4629-4D7D-9B58-1AD8B1DC2CB7}.Release_GLES2|Mixed Platforms.ActiveCfg = Release_GLES2|x64
		{BC6E42F8-4629-4D7D-9B58-1AD8B1DC2CB7}.Release_GLES2|Mixed Platforms.Build.0 = Release_GLES2|x64
		{BC6E42F8-4629-4D7D-9B58-1AD8B1DC2CB7}.Release_GLES2|Win32.ActiveCfg = Release_GLES2|Win32
		{BC6E42F8-4629-4D7D-9B58-1AD8B1DC2CB7}.Release_GLES2|Win32.Build.0 = Release_GLES2|Win32
		{BC6E42F8-4629-4D7D-9B58-1AD8B1DC2CB7}.Release_GLES2|x64.ActiveCfg = Release_GLES2|x64
		{BC6E42F8-4629-4D7D-9B58-1AD8B1DC2CB7}.Release_GLES2|x64.Build.0 = Release_GLES2|x64
		{BC6E42F8-4629-4D7D-9B58-1AD8B1DC2CB7}.Release|Any CPU.ActiveCfg = Release|Win32
		{BC6E42F8-4629-4D7D-9B58-1AD8B1DC2CB7}.Release|Mixed Platforms.ActiveCfg = Release|Win32
		{BC6E42F8-4629-4D7D-9B58-1AD8B1DC2CB7}.Release|Mixed Platforms.Build.0 = Release|Win32
		{BC6E42F8-4629-4D7D-9B58-1AD8B1DC2CB7}.Release|Win32.ActiveCfg = Release|Win32
		{BC6E42F8-4629-4D7D-9B58-1AD8B1DC2CB7}.Release|Win32.Build.0 = Release|Win32
		{BC6E42F8-4629-4D7D-9B58-1AD8B1DC2CB7}.Release|x64.ActiveCfg = Release|x64
		{BC6E42F8-4629-4D7D-9B58-1AD8B1DC2CB7}.Release|x64.Build.0 = Release|x64
		{BC6E42F8-4629-4D7D-9B58-1AD8B1DC2CB7}.RelWithDebInfo|Any CPU.ActiveCfg = Release|Win32
		{BC6E42F8-4629-4D7D-9B58-1AD8B1DC2CB7}.RelWithDebInfo|Mixed Platforms.ActiveCfg = Release|Win32
		{BC6E42F8-4629-4D7D-9B58-1AD8B1DC2CB7}.RelWithDebInfo|Mixed Platforms.Build.0 = Release|Win32
		{BC6E42F8-4629-4D7D-9B58-1AD8B1DC2CB7}.RelWithDebInfo|Win32.ActiveCfg = Release|Win32
		{BC6E42F8-4629-4D7D-9B58-1AD8B1DC2CB7}.RelWithDebInfo|Win32.Build.0 = Release|Win32
		{BC6E42F8-4629-4D7D-9B58-1AD8B1DC2CB7}.RelWithDebInfo|x64.ActiveCfg = Release|x64
		{BC6E42F8-4629-4D7D-9B58-1AD8B1DC2CB7}.RelWithDebInfo|x64.Build.0 = Release|x64
		{A74B3EE0-B2BB-42D8-9DC4-BBC8301F0F5F}.Debug Tests|Any CPU.ActiveCfg = Debug|Win32
		{A74B3EE0-B2BB-42D8-9DC4-BBC8301F0F5F}.Debug Tests|Mixed Platforms.ActiveCfg = Debug|Win32
		{A74B3EE0-B2BB-42D8-9DC4-BBC8301F0F5F}.Debug Tests|Mixed Platforms.Build.0 = Debug|Win32
		{A74B3EE0-B2BB-42D8-9DC4-BBC8301F0F5F}.Debug Tests|Win32.ActiveCfg = Debug|Win32
		{A74B3EE0-B2BB-42D8-9DC4-BBC8301F0F5F}.Debug Tests|Win32.Build.0 = Debug|Win32
		{A74B3EE0-B2BB-42D8-9DC4-BBC8301F0F5F}.Debug Tests|x64.ActiveCfg = Debug GLES2|x64
		{A74B3EE0-B2BB-42D8-9DC4-BBC8301F0F5F}.Debug Tests|x64.Build.0 = Debug GLES2|x64
		{A74B3EE0-B2BB-42D8-9DC4-BBC8301F0F5F}.Debug_GLES2|Any CPU.ActiveCfg = Debug GLES2|Win32
		{A74B3EE0-B2BB-42D8-9DC4-BBC8301F0F5F}.Debug_GLES2|Mixed Platforms.ActiveCfg = Debug GLES2|Win32
		{A74B3EE0-B2BB-42D8-9DC4-BBC8301F0F5F}.Debug_GLES2|Mixed Platforms.Build.0 = Debug GLES2|Win32
		{A74B3EE0-B2BB-42D8-9DC4-BBC8301F0F5F}.Debug_GLES2|Win32.ActiveCfg = Debug GLES2|Win32
		{A74B3EE0-B2BB-42D8-9DC4-BBC8301F0F5F}.Debug_GLES2|Win32.Build.0 = Debug GLES2|Win32
		{A74B3EE0-B2BB-42D8-9DC4-BBC8301F0F5F}.Debug_GLES2|x64.ActiveCfg = Debug|x64
		{A74B3EE0-B2BB-42D8-9DC4-BBC8301F0F5F}.Debug_GLES2|x64.Build.0 = Debug|x64
		{A74B3EE0-B2BB-42D8-9DC4-BBC8301F0F5F}.Debug|Any CPU.ActiveCfg = Debug|Win32
		{A74B3EE0-B2BB-42D8-9DC4-BBC8301F0F5F}.Debug|Mixed Platforms.ActiveCfg = Debug|Win32
		{A74B3EE0-B2BB-42D8-9DC4-BBC8301F0F5F}.Debug|Mixed Platforms.Build.0 = Debug|Win32
		{A74B3EE0-B2BB-42D8-9DC4-BBC8301F0F5F}.Debug|Win32.ActiveCfg = Debug|Win32
		{A74B3EE0-B2BB-42D8-9DC4-BBC8301F0F5F}.Debug|Win32.Build.0 = Debug|Win32
		{A74B3EE0-B2BB-42D8-9DC4-BBC8301F0F5F}.Debug|x64.ActiveCfg = Debug|x64
		{A74B3EE0-B2BB-42D8-9DC4-BBC8301F0F5F}.Debug|x64.Build.0 = Debug|x64
		{A74B3EE0-B2BB-42D8-9DC4-BBC8301F0F5F}.MinSizeRel|Any CPU.ActiveCfg = Release|Win32
		{A74B3EE0-B2BB-42D8-9DC4-BBC8301F0F5F}.MinSizeRel|Mixed Platforms.ActiveCfg = Release|Win32
		{A74B3EE0-B2BB-42D8-9DC4-BBC8301F0F5F}.MinSizeRel|Mixed Platforms.Build.0 = Release|Win32
		{A74B3EE0-B2BB-42D8-9DC4-BBC8301F0F5F}.MinSizeRel|Win32.ActiveCfg = Release|Win32
		{A74B3EE0-B2BB-42D8-9DC4-BBC8301F0F5F}.MinSizeRel|Win32.Build.0 = Release|Win32
		{A74B3EE0-B2BB-42D8-9DC4-BBC8301F0F5F}.MinSizeRel|x64.ActiveCfg = Release|x64
		{A74B3EE0-B2BB-42D8-9DC4-BBC8301F0F5F}.MinSizeRel|x64.Build.0 = Release|x64
		{A74B3EE0-B2BB-42D8-9DC4-BBC8301F0F5F}.Release_GLES2|Any CPU.ActiveCfg = Release_GLES2|x64
		{A74B3EE0-B2BB-42D8-9DC4-BBC8301F0F5F}.Release_GLES2|Mixed Platforms.ActiveCfg = Release_GLES2|x64
		{A74B3EE0-B2BB-42D8-9DC4-BBC8301F0F5F}.Release_GLES2|Mixed Platforms.Build.0 = Release_GLES2|x64
		{A74B3EE0-B2BB-42D8-9DC4-BBC8301F0F5F}.Release_GLES2|Win32.ActiveCfg = Release_GLES2|Win32
		{A74B3EE0-B2BB-42D8-9DC4-BBC8301F0F5F}.Release_GLES2|Win32.Build.0 = Release_GLES2|Win32
		{A74B3EE0-B2BB-42D8-9DC4-BBC8301F0F5F}.Release_GLES2|x64.ActiveCfg = Release_GLES2|x64
		{A74B3EE0-B2BB-42D8-9DC4-BBC8301F0F5F}.Release_GLES2|x64.Build.0 = Release_GLES2|x64
		{A74B3EE0-B2BB-42D8-9DC4-BBC8301F0F5F}.Release|Any CPU.ActiveCfg = Release|Win32
		{A74B3EE0-B2BB-42D8-9DC4-BBC8301F0F5F}.Release|Mixed Platforms.ActiveCfg = Release|Win32
		{A74B3EE0-B2BB-42D8-9DC4-BBC8301F0F5F}.Release|Mixed Platforms.Build.0 = Release|Win32
		{A74B3EE0-B2BB-42D8-9DC4-BBC8301F0F5F}.Release|Win32.ActiveCfg = Release|Win32
		{A74B3EE0-B2BB-42D8-9DC4-BBC8301F0F5F}.Release|Win32.Build.0 = Release|Win32
		{A74B3EE0-B2BB-42D8-9DC4-BBC8301F0F5F}.Release|x64.ActiveCfg = Release|x64
		{A74B3EE0-B2BB-42D8-9DC4-BBC8301F0F5F}.Release|x64.Build.0 = Release|x64
		{A74B3EE0-B2BB-42D8-9DC4-BBC8301F0F5F}.RelWithDebInfo|Any CPU.ActiveCfg = Release|Win32
		{A74B3EE0-B2BB-42D8-9DC4-BBC8301F0F5F}.RelWithDebInfo|Mixed Platforms.ActiveCfg = Release|Win32
		{A74B3EE0-B2BB-42D8-9DC4-BBC8301F0F5F}.RelWithDebInfo|Mixed Platforms.Build.0 = Release|Win32
		{A74B3EE0-B2BB-42D8-9DC4-BBC8301F0F5F}.RelWithDebInfo|Win32.ActiveCfg = Release|Win32
		{A74B3EE0-B2BB-42D8-9DC4-BBC8301F0F5F}.RelWithDebInfo|Win32.Build.0 = Release|Win32
		{A74B3EE0-B2BB-42D8-9DC4-BBC8301F0F5F}.RelWithDebInfo|x64.ActiveCfg = Release|x64
		{A74B3EE0-B2BB-42D8-9DC4-BBC8301F0F5F}.RelWithDebInfo|x64.Build.0 = Release|x64
		{244FE18D-6CF8-4FFE-BB4B-E48E3B3B8157}.Debug Tests|Any CPU.ActiveCfg = Debug|Win32
		{244FE18D-6CF8-4FFE-BB4B-E48E3B3B8157}.Debug Tests|Mixed Platforms.ActiveCfg = Debug|Win32
		{244FE18D-6CF8-4FFE-BB4B-E48E3B3B8157}.Debug Tests|Mixed Platforms.Build.0 = Debug|Win32
		{244FE18D-6CF8-4FFE-BB4B-E48E3B3B8157}.Debug Tests|Win32.ActiveCfg = Debug|Win32
		{244FE18D-6CF8-4FFE-BB4B-E48E3B3B8157}.Debug Tests|Win32.Build.0 = Debug|Win32
		{244FE18D-6CF8-4FFE-BB4B-E48E3B3B8157}.Debug Tests|x64.ActiveCfg = Debug|x64
		{244FE18D-6CF8-4FFE-BB4B-E48E3B3B8157}.Debug Tests|x64.Build.0 = Debug|x64
		{244FE18D-6CF8-4FFE-BB4B-E48E3B3B8157}.Debug_GLES2|Any CPU.ActiveCfg = Debug|Win32
		{244FE18D-6CF8-4FFE-BB4B-E48E3B3B8157}.Debug_GLES2|Mixed Platforms.ActiveCfg = Debug|Win32
		{244FE18D-6CF8-4FFE-BB4B-E48E3B3B8157}.Debug_GLES2|Mixed Platforms.Build.0 = Debug|Win32
		{244FE18D-6CF8-4FFE-BB4B-E48E3B3B8157}.Debug_GLES2|Win32.ActiveCfg = Debug|Win32
		{244FE18D-6CF8-4FFE-BB4B-E48E3B3B8157}.Debug_GLES2|Win32.Build.0 = Debug|Win32
		{244FE18D-6CF8-4FFE-BB4B-E48E3B3B8157}.Debug_GLES2|x64.ActiveCfg = Debug|x64
		{244FE18D-6CF8-4FFE-BB4B-E48E3B3B8157}.Debug_GLES2|x64.Build.0 = Debug|x64
		{244FE18D-6CF8-4FFE-BB4B-E48E3B3B8157}.Debug|Any CPU.ActiveCfg = Debug|Win32
		{244FE18D-6CF8-4FFE-BB4B-E48E3B3B8157}.Debug|Mixed Platforms.ActiveCfg = Debug|Win32
		{244FE18D-6CF8-4FFE-BB4B-E48E3B3B8157}.Debug|Mixed Platforms.Build.0 = Debug|Win32
		{244FE18D-6CF8-4FFE-BB4B-E48E3B3B8157}.Debug|Win32.ActiveCfg = Debug|Win32
		{244FE18D-6CF8-4FFE-BB4B-E48E3B3B8157}.Debug|Win32.Build.0 = Debug|Win32
		{244FE18D-6CF8-4FFE-BB4B-E48E3B3B8157}.Debug|x64.ActiveCfg = Debug|x64
		{244FE18D-6CF8-4FFE-BB4B-E48E3B3B8157}.Debug|x64.Build.0 = Debug|x64
		{244FE18D-6CF8-4FFE-BB4B-E48E3B3B8157}.MinSizeRel|Any CPU.ActiveCfg = Release|Win32
		{244FE18D-6CF8-4FFE-BB4B-E48E3B3B8157}.MinSizeRel|Mixed Platforms.ActiveCfg = Release|Win32
		{244FE18D-6CF8-4FFE-BB4B-E48E3B3B8157}.MinSizeRel|Mixed Platforms.Build.0 = Release|Win32
		{244FE18D-6CF8-4FFE-BB4B-E48E3B3B8157}.MinSizeRel|Win32.ActiveCfg = Release|Win32
		{244FE18D-6CF8-4FFE-BB4B-E48E3B3B8157}.MinSizeRel|Win32.Build.0 = Release|Win32
		{244FE18D-6CF8-4FFE-BB4B-E48E3B3B8157}.MinSizeRel|x64.ActiveCfg = Release|x64
		{244FE18D-6CF8-4FFE-BB4B-E48E3B3B8157}.MinSizeRel|x64.Build.0 = Release|x64
		{244FE18D-6CF8-4FFE-BB4B-E48E3B3B8157}.Release_GLES2|Any CPU.ActiveCfg = Release_GLES2|x64
		{244FE18D-6CF8-4FFE-BB4B-E48E3B3B8157}.Release_GLES2|Mixed Platforms.ActiveCfg = Release_GLES2|x64
		{244FE18D-6CF8-4FFE-BB4B-E48E3B3B8157}.Release_GLES2|Mixed Platforms.Build.0 = Release_GLES2|x64
		{244FE18D-6CF8-4FFE-BB4B-E48E3B3B8157}.Release_GLES2|Win32.ActiveCfg = Release_GLES2|Win32
		{244FE18D-6CF8-4FFE-BB4B-E48E3B3B8157}.Release_GLES2|Win32.Build.0 = Release_GLES2|Win32
		{244FE18D-6CF8-4FFE-BB4B-E48E3B3B8157}.Release_GLES2|x64.ActiveCfg = Release_GLES2|x64
		{244FE18D-6CF8-4FFE-BB4B-E48E3B3B8157}.Release_GLES2|x64.Build.0 = Release_GLES2|x64
		{244FE18D-6CF8-4FFE-BB4B-E48E3B3B8157}.Release|Any CPU.ActiveCfg = Release|Win32
		{244FE18D-6CF8-4FFE-BB4B-E48E3B3B8157}.Release|Mixed Platforms.ActiveCfg = Release|Win32
		{244FE18D-6CF8-4FFE-BB4B-E48E3B3B8157}.Release|Mixed Platforms.Build.0 = Release|Win32
		{244FE18D-6CF8-4FFE-BB4B-E48E3B3B8157}.Release|Win32.ActiveCfg = Release|Win32
		{244FE18D-6CF8-4FFE-BB4B-E48E3B3B8157}.Release|Win32.Build.0 = Release|Win32
		{244FE18D-6CF8-4FFE-BB4B-E48E3B3B8157}.Release|x64.ActiveCfg = Release|x64
		{244FE18D-6CF8-4FFE-BB4B-E48E3B3B8157}.Release|x64.Build.0 = Release|x64
		{244FE18D-6CF8-4FFE-BB4B-E48E3B3B8157}.RelWithDebInfo|Any CPU.ActiveCfg = Release|Win32
		{244FE18D-6CF8-4FFE-BB4B-E48E3B3B8157}.RelWithDebInfo|Mixed Platforms.ActiveCfg = Release|Win32
		{244FE18D-6CF8-4FFE-BB4B-E48E3B3B8157}.RelWithDebInfo|Mixed Platforms.Build.0 = Release|Win32
		{244FE18D-6CF8-4FFE-BB4B-E48E3B3B8157}.RelWithDebInfo|Win32.ActiveCfg = Release|Win32
		{244FE18D-6CF8-4FFE-BB4B-E48E3B3B8157}.RelWithDebInfo|Win32.Build.0 = Release|Win32
		{244FE18D-6CF8-4FFE-BB4B-E48E3B3B8157}.RelWithDebInfo|x64.ActiveCfg = Release|x64
		{244FE18D-6CF8-4FFE-BB4B-E48E3B3B8157}.RelWithDebInfo|x64.Build.0 = Release|x64
		{4DC1FF4B-776E-4E9D-B8E9-3419E75E7309}.Debug Tests|Any CPU.ActiveCfg = Debug|Win32
		{4DC1FF4B-776E-4E9D-B8E9-3419E75E7309}.Debug Tests|Mixed Platforms.ActiveCfg = Debug|Win32
		{4DC1FF4B-776E-4E9D-B8E9-3419E75E7309}.Debug Tests|Mixed Platforms.Build.0 = Debug|Win32
		{4DC1FF4B-776E-4E9D-B8E9-3419E75E7309}.Debug Tests|Win32.ActiveCfg = Debug|Win32
		{4DC1FF4B-776E-4E9D-B8E9-3419E75E7309}.Debug Tests|Win32.Build.0 = Debug|Win32
		{4DC1FF4B-776E-4E9D-B8E9-3419E75E7309}.Debug Tests|x64.ActiveCfg = Debug|Win32
		{4DC1FF4B-776E-4E9D-B8E9-3419E75E7309}.Debug_GLES2|Any CPU.ActiveCfg = Debug|Win32
		{4DC1FF4B-776E-4E9D-B8E9-3419E75E7309}.Debug_GLES2|Mixed Platforms.ActiveCfg = Debug|Win32
		{4DC1FF4B-776E-4E9D-B8E9-3419E75E7309}.Debug_GLES2|Mixed Platforms.Build.0 = Debug|Win32
		{4DC1FF4B-776E-4E9D-B8E9-3419E75E7309}.Debug_GLES2|Win32.ActiveCfg = Debug|Win32
		{4DC1FF4B-776E-4E9D-B8E9-3419E75E7309}.Debug_GLES2|Win32.Build.0 = Debug|Win32
		{4DC1FF4B-776E-4E9D-B8E9-3419E75E7309}.Debug_GLES2|x64.ActiveCfg = Debug|Win32
		{4DC1FF4B-776E-4E9D-B8E9-3419E75E7309}.Debug|Any CPU.ActiveCfg = Debug|Win32
		{4DC1FF4B-776E-4E9D-B8E9-3419E75E7309}.Debug|Mixed Platforms.ActiveCfg = Debug|Win32
		{4DC1FF4B-776E-4E9D-B8E9-3419E75E7309}.Debug|Mixed Platforms.Build.0 = Debug|Win32
		{4DC1FF4B-776E-4E9D-B8E9-3419E75E7309}.Debug|Win32.ActiveCfg = Debug|Win32
		{4DC1FF4B-776E-4E9D-B8E9-3419E75E7309}.Debug|Win32.Build.0 = Debug|Win32
		{4DC1FF4B-776E-4E9D-B8E9-3419E75E7309}.Debug|x64.ActiveCfg = Debug|Win32
		{4DC1FF4B-776E-4E9D-B8E9-3419E75E7309}.MinSizeRel|Any CPU.ActiveCfg = Release|Win32
		{4DC1FF4B-776E-4E9D-B8E9-3419E75E7309}.MinSizeRel|Mixed Platforms.ActiveCfg = Release|Win32
		{4DC1FF4B-776E-4E9D-B8E9-3419E75E7309}.MinSizeRel|Mixed Platforms.Build.0 = Release|Win32
		{4DC1FF4B-776E-4E9D-B8E9-3419E75E7309}.MinSizeRel|Win32.ActiveCfg = Release|Win32
		{4DC1FF4B-776E-4E9D-B8E9-3419E75E7309}.MinSizeRel|Win32.Build.0 = Release|Win32
		{4DC1FF4B-776E-4E9D-B8E9-3419E75E7309}.MinSizeRel|x64.ActiveCfg = Release|Win32
		{4DC1FF4B-776E-4E9D-B8E9-3419E75E7309}.Release_GLES2|Any CPU.ActiveCfg = Release|Win32
		{4DC1FF4B-776E-4E9D-B8E9-3419E75E7309}.Release_GLES2|Mixed Platforms.ActiveCfg = Release|Win32
		{4DC1FF4B-776E-4E9D-B8E9-3419E75E7309}.Release_GLES2|Mixed Platforms.Build.0 = Release|Win32
		{4DC1FF4B-776E-4E9D-B8E9-3419E75E7309}.Release_GLES2|Win32.ActiveCfg = Release|Win32
		{4DC1FF4B-776E-4E9D-B8E9-3419E75E7309}.Release_GLES2|Win32.Build.0 = Release|Win32
		{4DC1FF4B-776E-4E9D-B8E9-3419E75E7309}.Release_GLES2|x64.ActiveCfg = Release|Win32
		{4DC1FF4B-776E-4E9D-B8E9-3419E75E7309}.Release|Any CPU.ActiveCfg = Release|Win32
		{4DC1FF4B-776E-4E9D-B8E9-3419E75E7309}.Release|Mixed Platforms.ActiveCfg = Release|Win32
		{4DC1FF4B-776E-4E9D-B8E9-3419E75E7309}.Release|Mixed Platforms.Build.0 = Release|Win32
		{4DC1FF4B-776E-4E9D-B8E9-3419E75E7309}.Release|Win32.ActiveCfg = Release|Win32
		{4DC1FF4B-776E-4E9D-B8E9-3419E75E7309}.Release|Win32.Build.0 = Release|Win32
		{4DC1FF4B-776E-4E9D-B8E9-3419E75E7309}.Release|x64.ActiveCfg = Release|Win32
		{4DC1FF4B-776E-4E9D-B8E9-3419E75E7309}.RelWithDebInfo|Any CPU.ActiveCfg = Release|Win32
		{4DC1FF4B-776E-4E9D-B8E9-3419E75E7309}.RelWithDebInfo|Mixed Platforms.ActiveCfg = Release|Win32
		{4DC1FF4B-776E-4E9D-B8E9-3419E75E7309}.RelWithDebInfo|Mixed Platforms.Build.0 = Release|Win32
		{4DC1FF4B-776E-4E9D-B8E9-3419E75E7309}.RelWithDebInfo|Win32.ActiveCfg = Release|Win32
		{4DC1FF4B-776E-4E9D-B8E9-3419E75E7309}.RelWithDebInfo|Win32.Build.0 = Release|Win32
		{4DC1FF4B-776E-4E9D-B8E9-3419E75E7309}.RelWithDebInfo|x64.ActiveCfg = Release|Win32
		{7896646B-4985-4DA7-AFF4-201FFC41097D}.Debug Tests|Any CPU.ActiveCfg = Debug|Win32
		{7896646B-4985-4DA7-AFF4-201FFC41097D}.Debug Tests|Mixed Platforms.ActiveCfg = Debug|Win32
		{7896646B-4985-4DA7-AFF4-201FFC41097D}.Debug Tests|Mixed Platforms.Build.0 = Debug|Win32
		{7896646B-4985-4DA7-AFF4-201FFC41097D}.Debug Tests|Win32.ActiveCfg = Debug|Win32
		{7896646B-4985-4DA7-AFF4-201FFC41097D}.Debug Tests|Win32.Build.0 = Debug|Win32
		{7896646B-4985-4DA7-AFF4-201FFC41097D}.Debug Tests|x64.ActiveCfg = Debug|Win32
		{7896646B-4985-4DA7-AFF4-201FFC41097D}.Debug_GLES2|Any CPU.ActiveCfg = Debug|Win32
		{7896646B-4985-4DA7-AFF4-201FFC41097D}.Debug_GLES2|Mixed Platforms.ActiveCfg = Debug|Win32
		{7896646B-4985-4DA7-AFF4-201FFC41097D}.Debug_GLES2|Mixed Platforms.Build.0 = Debug|Win32
		{7896646B-4985-4DA7-AFF4-201FFC41097D}.Debug_GLES2|Win32.ActiveCfg = Debug|Win32
		{7896646B-4985-4DA7-AFF4-201FFC41097D}.Debug_GLES2|Win32.Build.0 = Debug|Win32
		{7896646B-4985-4DA7-AFF4-201FFC41097D}.Debug_GLES2|x64.ActiveCfg = Debug|Win32
		{7896646B-4985-4DA7-AFF4-201FFC41097D}.Debug|Any CPU.ActiveCfg = Debug|Win32
		{7896646B-4985-4DA7-AFF4-201FFC41097D}.Debug|Mixed Platforms.ActiveCfg = Debug|Win32
		{7896646B-4985-4DA7-AFF4-201FFC41097D}.Debug|Mixed Platforms.Build.0 = Debug|Win32
		{7896646B-4985-4DA7-AFF4-201FFC41097D}.Debug|Win32.ActiveCfg = Debug|Win32
		{7896646B-4985-4DA7-AFF4-201FFC41097D}.Debug|Win32.Build.0 = Debug|Win32
		{7896646B-4985-4DA7-AFF4-201FFC41097D}.Debug|x64.ActiveCfg = Debug|Win32
		{7896646B-4985-4DA7-AFF4-201FFC41097D}.MinSizeRel|Any CPU.ActiveCfg = Release|Win32
		{7896646B-4985-4DA7-AFF4-201FFC41097D}.MinSizeRel|Mixed Platforms.ActiveCfg = Release|Win32
		{7896646B-4985-4DA7-AFF4-201FFC41097D}.MinSizeRel|Mixed Platforms.Build.0 = Release|Win32
		{7896646B-4985-4DA7-AFF4-201FFC41097D}.MinSizeRel|Win32.ActiveCfg = Release|Win32
		{7896646B-4985-4DA7-AFF4-201FFC41097D}.MinSizeRel|Win32.Build.0 = Release|Win32
		{7896646B-4985-4DA7-AFF4-201FFC41097D}.MinSizeRel|x64.ActiveCfg = Release|Win32
		{7896646B-4985-4DA7-AFF4-201FFC41097D}.Release_GLES2|Any CPU.ActiveCfg = Release|Win32
		{7896646B-4985-4DA7-AFF4-201FFC41097D}.Release_GLES2|Mixed Platforms.ActiveCfg = Release|Win32
		{7896646B-4985-4DA7-AFF4-201FFC41097D}.Release_GLES2|Mixed Platforms.Build.0 = Release|Win32
		{7896646B-4985-4DA7-AFF4-201FFC41097D}.Release_GLES2|Win32.ActiveCfg = Release|Win32
		{7896646B-4985-4DA7-AFF4-201FFC41097D}.Release_GLES2|Win32.Build.0 = Release|Win32
		{7896646B-4985-4DA7-AFF4-201FFC41097D}.Release_GLES2|x64.ActiveCfg = Release|Win32
		{7896646B-4985-4DA7-AFF4-201FFC41097D}.Release|Any CPU.ActiveCfg = Release|Win32
		{7896646B-4985-4DA7-AFF4-201FFC41097D}.Release|Mixed Platforms.ActiveCfg = Release|Win32
		{7896646B-4985-4DA7-AFF4-201FFC41097D}.Release|Mixed Platforms.Build.0 = Release|Win32
		{7896646B-4985-4DA7-AFF4-201FFC41097D}.Release|Win32.ActiveCfg = Release|Win32
		{7896646B-4985-4DA7-AFF4-201FFC41097D}.Release|Win32.Build.0 = Release|Win32
		{7896646B-4985-4DA7-AFF4-201FFC41097D}.Release|x64.ActiveCfg = Release|Win32
		{7896646B-4985-4DA7-AFF4-201FFC41097D}.RelWithDebInfo|Any CPU.ActiveCfg = Release|Win32
		{7896646B-4985-4DA7-AFF4-201FFC41097D}.RelWithDebInfo|Mixed Platforms.ActiveCfg = Release|Win32
		{7896646B-4985-4DA7-AFF4-201FFC41097D}.RelWithDebInfo|Mixed Platforms.Build.0 = Release|Win32
		{7896646B-4985-4DA7-AFF4-201FFC41097D}.RelWithDebInfo|Win32.ActiveCfg = Release|Win32
		{7896646B-4985-4DA7-AFF4-201FFC41097D}.RelWithDebInfo|Win32.Build.0 = Release|Win32
		{7896646B-4985-4DA7-AFF4-201FFC41097D}.RelWithDebInfo|x64.ActiveCfg = Release|Win32
		{7669AD39-6D79-49AB-89E5-EB7FFED3A993}.Debug Tests|Any CPU.ActiveCfg = Debug|Win32
		{7669AD39-6D79-49AB-89E5-EB7FFED3A993}.Debug Tests|Mixed Platforms.ActiveCfg = Debug|Win32
		{7669AD39-6D79-49AB-89E5-EB7FFED3A993}.Debug Tests|Mixed Platforms.Build.0 = Debug|Win32
		{7669AD39-6D79-49AB-89E5-EB7FFED3A993}.Debug Tests|Win32.ActiveCfg = Debug|Win32
		{7669AD39-6D79-49AB-89E5-EB7FFED3A993}.Debug Tests|Win32.Build.0 = Debug|Win32
		{7669AD39-6D79-49AB-89E5-EB7FFED3A993}.Debug Tests|x64.ActiveCfg = Debug|Win32
		{7669AD39-6D79-49AB-89E5-EB7FFED3A993}.Debug_GLES2|Any CPU.ActiveCfg = Debug|Win32
		{7669AD39-6D79-49AB-89E5-EB7FFED3A993}.Debug_GLES2|Mixed Platforms.ActiveCfg = Debug|Win32
		{7669AD39-6D79-49AB-89E5-EB7FFED3A993}.Debug_GLES2|Mixed Platforms.Build.0 = Debug|Win32
		{7669AD39-6D79-49AB-89E5-EB7FFED3A993}.Debug_GLES2|Win32.ActiveCfg = Debug|Win32
		{7669AD39-6D79-49AB-89E5-EB7FFED3A993}.Debug_GLES2|Win32.Build.0 = Debug|Win32
		{7669AD39-6D79-49AB-89E5-EB7FFED3A993}.Debug_GLES2|x64.ActiveCfg = Debug|Win32
		{7669AD39-6D79-49AB-89E5-EB7FFED3A993}.Debug|Any CPU.ActiveCfg = Debug|Win32
		{7669AD39-6D79-49AB-89E5-EB7FFED3A993}.Debug|Mixed Platforms.ActiveCfg = Debug|Win32
		{7669AD39-6D79-49AB-89E5-EB7FFED3A993}.Debug|Mixed Platforms.Build.0 = Debug|Win32
		{7669AD39-6D79-49AB-89E5-EB7FFED3A993}.Debug|Win32.ActiveCfg = Debug|Win32
		{7669AD39-6D79-49AB-89E5-EB7FFED3A993}.Debug|Win32.Build.0 = Debug|Win32
		{7669AD39-6D79-49AB-89E5-EB7FFED3A993}.Debug|x64.ActiveCfg = Debug|Win32
		{7669AD39-6D79-49AB-89E5-EB7FFED3A993}.MinSizeRel|Any CPU.ActiveCfg = Release|Win32
		{7669AD39-6D79-49AB-89E5-EB7FFED3A993}.MinSizeRel|Mixed Platforms.ActiveCfg = Release|Win32
		{7669AD39-6D79-49AB-89E5-EB7FFED3A993}.MinSizeRel|Mixed Platforms.Build.0 = Release|Win32
		{7669AD39-6D79-49AB-89E5-EB7FFED3A993}.MinSizeRel|Win32.ActiveCfg = Release|Win32
		{7669AD39-6D79-49AB-89E5-EB7FFED3A993}.MinSizeRel|Win32.Build.0 = Release|Win32
		{7669AD39-6D79-49AB-89E5-EB7FFED3A993}.MinSizeRel|x64.ActiveCfg = Release|Win32
		{7669AD39-6D79-49AB-89E5-EB7FFED3A993}.Release_GLES2|Any CPU.ActiveCfg = Release|Win32
		{7669AD39-6D79-49AB-89E5-EB7FFED3A993}.Release_GLES2|Mixed Platforms.ActiveCfg = Release|Win32
		{7669AD39-6D79-49AB-89E5-EB7FFED3A993}.Release_GLES2|Mixed Platforms.Build.0 = Release|Win32
		{7669AD39-6D79-49AB-89E5-EB7FFED3A993}.Release_GLES2|Win32.ActiveCfg = Release|Win32
		{7669AD39-6D79-49AB-89E5-EB7FFED3A993}.Release_GLES2|Win32.Build.0 = Release|Win32
		{7669AD39-6D79-49AB-89E5-EB7FFED3A993}.Release_GLES2|x64.ActiveCfg = Release|Win32
		{7669AD39-6D79-49AB-89E5-EB7FFED3A993}.Release|Any CPU.ActiveCfg = Release|Win32
		{7669AD39-6D79-49AB-89E5-EB7FFED3A993}.Release|Mixed Platforms.ActiveCfg = Release|Win32
		{7669AD39-6D79-49AB-89E5-EB7FFED3A993}.Release|Mixed Platforms.Build.0 = Release|Win32
		{7669AD39-6D79-49AB-89E5-EB7FFED3A993}.Release|Win32.ActiveCfg = Release|Win32
		{7669AD39-6D79-49AB-89E5-EB7FFED3A993}.Release|Win32.Build.0 = Release|Win32
		{7669AD39-6D79-49AB-89E5-EB7FFED3A993}.Release|x64.ActiveCfg = Release|Win32
		{7669AD39-6D79-49AB-89E5-EB7FFED3A993}.RelWithDebInfo|Any CPU.ActiveCfg = Release|Win32
		{7669AD39-6D79-49AB-89E5-EB7FFED3A993}.RelWithDebInfo|Mixed Platforms.ActiveCfg = Release|Win32
		{7669AD39-6D79-49AB-89E5-EB7FFED3A993}.RelWithDebInfo|Mixed Platforms.Build.0 = Release|Win32
		{7669AD39-6D79-49AB-89E5-EB7FFED3A993}.RelWithDebInfo|Win32.ActiveCfg = Release|Win32
		{7669AD39-6D79-49AB-89E5-EB7FFED3A993}.RelWithDebInfo|Win32.Build.0 = Release|Win32
		{7669AD39-6D79-49AB-89E5-EB7FFED3A993}.RelWithDebInfo|x64.ActiveCfg = Release|Win32
		{0AB0C682-0C1A-4861-8B9C-310030764593}.Debug Tests|Any CPU.ActiveCfg = Debug|Win32
		{0AB0C682-0C1A-4861-8B9C-310030764593}.Debug Tests|Mixed Platforms.ActiveCfg = Debug|Win32
		{0AB0C682-0C1A-4861-8B9C-310030764593}.Debug Tests|Mixed Platforms.Build.0 = Debug|Win32
		{0AB0C682-0C1A-4861-8B9C-310030764593}.Debug Tests|Win32.ActiveCfg = Debug|Win32
		{0AB0C682-0C1A-4861-8B9C-310030764593}.Debug Tests|Win32.Build.0 = Debug|Win32
		{0AB0C682-0C1A-4861-8B9C-310030764593}.Debug Tests|x64.ActiveCfg = Debug|Win32
		{0AB0C682-0C1A-4861-8B9C-310030764593}.Debug_GLES2|Any CPU.ActiveCfg = Debug|Win32
		{0AB0C682-0C1A-4861-8B9C-310030764593}.Debug_GLES2|Mixed Platforms.ActiveCfg = Debug|Win32
		{0AB0C682-0C1A-4861-8B9C-310030764593}.Debug_GLES2|Mixed Platforms.Build.0 = Debug|Win32
		{0AB0C682-0C1A-4861-8B9C-310030764593}.Debug_GLES2|Win32.ActiveCfg = Debug|Win32
		{0AB0C682-0C1A-4861-8B9C-310030764593}.Debug_GLES2|Win32.Build.0 = Debug|Win32
		{0AB0C682-0C1A-4861-8B9C-310030764593}.Debug_GLES2|x64.ActiveCfg = Debug|Win32
		{0AB0C682-0C1A-4861-8B9C-310030764593}.Debug|Any CPU.ActiveCfg = Debug|Win32
		{0AB0C682-0C1A-4861-8B9C-310030764593}.Debug|Mixed Platforms.ActiveCfg = Debug|Win32
		{0AB0C682-0C1A-4861-8B9C-310030764593}.Debug|Mixed Platforms.Build.0 = Debug|Win32
		{0AB0C682-0C1A-4861-8B9C-310030764593}.Debug|Win32.ActiveCfg = Debug|Win32
		{0AB0C682-0C1A-4861-8B9C-310030764593}.Debug|Win32.Build.0 = Debug|Win32
		{0AB0C682-0C1A-4861-8B9C-310030764593}.Debug|x64.ActiveCfg = Debug|Win32
		{0AB0C682-0C1A-4861-8B9C-310030764593}.MinSizeRel|Any CPU.ActiveCfg = Release|Win32
		{0AB0C682-0C1A-4861-8B9C-310030764593}.MinSizeRel|Mixed Platforms.ActiveCfg = Release|Win32
		{0AB0C682-0C1A-4861-8B9C-310030764593}.MinSizeRel|Mixed Platforms.Build.0 = Release|Win32
		{0AB0C682-0C1A-4861-8B9C-310030764593}.MinSizeRel|Win32.ActiveCfg = Release|Win32
		{0AB0C682-0C1A-4861-8B9C-310030764593}.MinSizeRel|Win32.Build.0 = Release|Win32
		{0AB0C682-0C1A-4861-8B9C-310030764593}.MinSizeRel|x64.ActiveCfg = Release|Win32
		{0AB0C682-0C1A-4861-8B9C-310030764593}.Release_GLES2|Any CPU.ActiveCfg = Release|Win32
		{0AB0C682-0C1A-4861-8B9C-310030764593}.Release_GLES2|Mixed Platforms.ActiveCfg = Release|Win32
		{0AB0C682-0C1A-4861-8B9C-310030764593}.Release_GLES2|Mixed Platforms.Build.0 = Release|Win32
		{0AB0C682-0C1A-4861-8B9C-310030764593}.Release_GLES2|Win32.ActiveCfg = Release|Win32
		{0AB0C682-0C1A-4861-8B9C-310030764593}.Release_GLES2|Win32.Build.0 = Release|Win32
		{0AB0C682-0C1A-4861-8B9C-310030764593}.Release_GLES2|x64.ActiveCfg = Release|Win32
		{0AB0C682-0C1A-4861-8B9C-310030764593}.Release|Any CPU.ActiveCfg = Release|Win32
		{0AB0C682-0C1A-4861-8B9C-310030764593}.Release|Mixed Platforms.ActiveCfg = Release|Win32
		{0AB0C682-0C1A-4861-8B9C-310030764593}.Release|Mixed Platforms.Build.0 = Release|Win32
		{0AB0C682-0C1A-4861-8B9C-310030764593}.Release|Win32.ActiveCfg = Release|Win32
		{0AB0C682-0C1A-4861-8B9C-310030764593}.Release|Win32.Build.0 = Release|Win32
		{0AB0C682-0C1A-4861-8B9C-310030764593}.Release|x64.ActiveCfg = Release|Win32
		{0AB0C682-0C1A-4861-8B9C-310030764593}.RelWithDebInfo|Any CPU.ActiveCfg = Release|Win32
		{0AB0C682-0C1A-4861-8B9C-310030764593}.RelWithDebInfo|Mixed Platforms.ActiveCfg = Release|Win32
		{0AB0C682-0C1A-4861-8B9C-310030764593}.RelWithDebInfo|Mixed Platforms.Build.0 = Release|Win32
		{0AB0C682-0C1A-4861-8B9C-310030764593}.RelWithDebInfo|Win32.ActiveCfg = Release|Win32
		{0AB0C682-0C1A-4861-8B9C-310030764593}.RelWithDebInfo|Win32.Build.0 = Release|Win32
		{0AB0C682-0C1A-4861-8B9C-310030764593}.RelWithDebInfo|x64.ActiveCfg = Release|Win32
		{253FA6F4-15F9-4780-B6C2-92B4B6EED46B}.Debug Tests|Any CPU.ActiveCfg = Debug|Win32
		{253FA6F4-15F9-4780-B6C2-92B4B6EED46B}.Debug Tests|Mixed Platforms.ActiveCfg = Debug|Win32
		{253FA6F4-15F9-4780-B6C2-92B4B6EED46B}.Debug Tests|Mixed Platforms.Build.0 = Debug|Win32
		{253FA6F4-15F9-4780-B6C2-92B4B6EED46B}.Debug Tests|Win32.ActiveCfg = Debug|Win32
		{253FA6F4-15F9-4780-B6C2-92B4B6EED46B}.Debug Tests|Win32.Build.0 = Debug|Win32
		{253FA6F4-15F9-4780-B6C2-92B4B6EED46B}.Debug Tests|x64.ActiveCfg = Debug|Win32
		{253FA6F4-15F9-4780-B6C2-92B4B6EED46B}.Debug_GLES2|Any CPU.ActiveCfg = Debug|Win32
		{253FA6F4-15F9-4780-B6C2-92B4B6EED46B}.Debug_GLES2|Mixed Platforms.ActiveCfg = Debug|Win32
		{253FA6F4-15F9-4780-B6C2-92B4B6EED46B}.Debug_GLES2|Mixed Platforms.Build.0 = Debug|Win32
		{253FA6F4-15F9-4780-B6C2-92B4B6EED46B}.Debug_GLES2|Win32.ActiveCfg = Debug|Win32
		{253FA6F4-15F9-4780-B6C2-92B4B6EED46B}.Debug_GLES2|Win32.Build.0 = Debug|Win32
		{253FA6F4-15F9-4780-B6C2-92B4B6EED46B}.Debug_GLES2|x64.ActiveCfg = Debug|Win32
		{253FA6F4-15F9-4780-B6C2-92B4B6EED46B}.Debug|Any CPU.ActiveCfg = Debug|Win32
		{253FA6F4-15F9-4780-B6C2-92B4B6EED46B}.Debug|Mixed Platforms.ActiveCfg = Debug|Win32
		{253FA6F4-15F9-4780-B6C2-92B4B6EED46B}.Debug|Mixed Platforms.Build.0 = Debug|Win32
		{253FA6F4-15F9-4780-B6C2-92B4B6EED46B}.Debug|Win32.ActiveCfg = Debug|Win32
		{253FA6F4-15F9-4780-B6C2-92B4B6EED46B}.Debug|Win32.Build.0 = Debug|Win32
		{253FA6F4-15F9-4780-B6C2-92B4B6EED46B}.Debug|x64.ActiveCfg = Debug|Win32
		{253FA6F4-15F9-4780-B6C2-92B4B6EED46B}.MinSizeRel|Any CPU.ActiveCfg = MinSizeRel|Win32
		{253FA6F4-15F9-4780-B6C2-92B4B6EED46B}.MinSizeRel|Mixed Platforms.ActiveCfg = MinSizeRel|Win32
		{253FA6F4-15F9-4780-B6C2-92B4B6EED46B}.MinSizeRel|Mixed Platforms.Build.0 = MinSizeRel|Win32
		{253FA6F4-15F9-4780-B6C2-92B4B6EED46B}.MinSizeRel|Win32.ActiveCfg = MinSizeRel|Win32
		{253FA6F4-15F9-4780-B6C2-92B4B6EED46B}.MinSizeRel|Win32.Build.0 = MinSizeRel|Win32
		{253FA6F4-15F9-4780-B6C2-92B4B6EED46B}.MinSizeRel|x64.ActiveCfg = MinSizeRel|Win32
		{253FA6F4-15F9-4780-B6C2-92B4B6EED46B}.Release_GLES2|Any CPU.ActiveCfg = Release|Win32
		{253FA6F4-15F9-4780-B6C2-92B4B6EED46B}.Release_GLES2|Mixed Platforms.ActiveCfg = Release|Win32
		{253FA6F4-15F9-4780-B6C2-92B4B6EED46B}.Release_GLES2|Mixed Platforms.Build.0 = Release|Win32
		{253FA6F4-15F9-4780-B6C2-92B4B6EED46B}.Release_GLES2|Win32.ActiveCfg = Release|Win32
		{253FA6F4-15F9-4780-B6C2-92B4B6EED46B}.Release_GLES2|Win32.Build.0 = Release|Win32
		{253FA6F4-15F9-4780-B6C2-92B4B6EED46B}.Release_GLES2|x64.ActiveCfg = Release|Win32
		{253FA6F4-15F9-4780-B6C2-92B4B6EED46B}.Release|Any CPU.ActiveCfg = Release|Win32
		{253FA6F4-15F9-4780-B6C2-92B4B6EED46B}.Release|Mixed Platforms.ActiveCfg = Release|Win32
		{253FA6F4-15F9-4780-B6C2-92B4B6EED46B}.Release|Mixed Platforms.Build.0 = Release|Win32
		{253FA6F4-15F9-4780-B6C2-92B4B6EED46B}.Release|Win32.ActiveCfg = Release|Win32
		{253FA6F4-15F9-4780-B6C2-92B4B6EED46B}.Release|Win32.Build.0 = Release|Win32
		{253FA6F4-15F9-4780-B6C2-92B4B6EED46B}.Release|x64.ActiveCfg = Release|Win32
		{253FA6F4-15F9-4780-B6C2-92B4B6EED46B}.RelWithDebInfo|Any CPU.ActiveCfg = RelWithDebInfo|Win32
		{253FA6F4-15F9-4780-B6C2-92B4B6EED46B}.RelWithDebInfo|Mixed Platforms.ActiveCfg = RelWithDebInfo|Win32
		{253FA6F4-15F9-4780-B6C2-92B4B6EED46B}.RelWithDebInfo|Mixed Platforms.Build.0 = RelWithDebInfo|Win32
		{253FA6F4-15F9-4780-B6C2-92B4B6EED46B}.RelWithDebInfo|Win32.ActiveCfg = RelWithDebInfo|Win32
		{253FA6F4-15F9-4780-B6C2-92B4B6EED46B}.RelWithDebInfo|Win32.Build.0 = RelWithDebInfo|Win32
		{253FA6F4-15F9-4780-B6C2-92B4B6EED46B}.RelWithDebInfo|x64.ActiveCfg = RelWithDebInfo|Win32
		{18BEB38F-1F91-4D2A-8EA9-F010F6B55296}.Debug Tests|Any CPU.ActiveCfg = Debug|Win32
		{18BEB38F-1F91-4D2A-8EA9-F010F6B55296}.Debug Tests|Mixed Platforms.ActiveCfg = Debug|Win32
		{18BEB38F-1F91-4D2A-8EA9-F010F6B55296}.Debug Tests|Mixed Platforms.Build.0 = Debug|Win32
		{18BEB38F-1F91-4D2A-8EA9-F010F6B55296}.Debug Tests|Win32.ActiveCfg = Debug|Win32
		{18BEB38F-1F91-4D2A-8EA9-F010F6B55296}.Debug Tests|Win32.Build.0 = Debug|Win32
		{18BEB38F-1F91-4D2A-8EA9-F010F6B55296}.Debug Tests|x64.ActiveCfg = Debug|Win32
		{18BEB38F-1F91-4D2A-8EA9-F010F6B55296}.Debug_GLES2|Any CPU.ActiveCfg = Debug|Win32
		{18BEB38F-1F91-4D2A-8EA9-F010F6B55296}.Debug_GLES2|Mixed Platforms.ActiveCfg = Debug|Win32
		{18BEB38F-1F91-4D2A-8EA9-F010F6B55296}.Debug_GLES2|Mixed Platforms.Build.0 = Debug|Win32
		{18BEB38F-1F91-4D2A-8EA9-F010F6B55296}.Debug_GLES2|Win32.ActiveCfg = Debug|Win32
		{18BEB38F-1F91-4D2A-8EA9-F010F6B55296}.Debug_GLES2|Win32.Build.0 = Debug|Win32
		{18BEB38F-1F91-4D2A-8EA9-F010F6B55296}.Debug_GLES2|x64.ActiveCfg = Debug|Win32
		{18BEB38F-1F91-4D2A-8EA9-F010F6B55296}.Debug|Any CPU.ActiveCfg = Debug|Win32
		{18BEB38F-1F91-4D2A-8EA9-F010F6B55296}.Debug|Mixed Platforms.ActiveCfg = Debug|Win32
		{18BEB38F-1F91-4D2A-8EA9-F010F6B55296}.Debug|Mixed Platforms.Build.0 = Debug|Win32
		{18BEB38F-1F91-4D2A-8EA9-F010F6B55296}.Debug|Win32.ActiveCfg = Debug|Win32
		{18BEB38F-1F91-4D2A-8EA9-F010F6B55296}.Debug|Win32.Build.0 = Debug|Win32
		{18BEB38F-1F91-4D2A-8EA9-F010F6B55296}.Debug|x64.ActiveCfg = Debug|Win32
		{18BEB38F-1F91-4D2A-8EA9-F010F6B55296}.MinSizeRel|Any CPU.ActiveCfg = Release|Win32
		{18BEB38F-1F91-4D2A-8EA9-F010F6B55296}.MinSizeRel|Mixed Platforms.ActiveCfg = Release|Win32
		{18BEB38F-1F91-4D2A-8EA9-F010F6B55296}.MinSizeRel|Mixed Platforms.Build.0 = Release|Win32
		{18BEB38F-1F91-4D2A-8EA9-F010F6B55296}.MinSizeRel|Win32.ActiveCfg = Release|Win32
		{18BEB38F-1F91-4D2A-8EA9-F010F6B55296}.MinSizeRel|Win32.Build.0 = Release|Win32
		{18BEB38F-1F91-4D2A-8EA9-F010F6B55296}.MinSizeRel|x64.ActiveCfg = Release|Win32
		{18BEB38F-1F91-4D2A-8EA9-F010F6B55296}.Release_GLES2|Any CPU.ActiveCfg = Release|Win32
		{18BEB38F-1F91-4D2A-8EA9-F010F6B55296}.Release_GLES2|Mixed Platforms.ActiveCfg = Release|Win32
		{18BEB38F-1F91-4D2A-8EA9-F010F6B55296}.Release_GLES2|Mixed Platforms.Build.0 = Release|Win32
		{18BEB38F-1F91-4D2A-8EA9-F010F6B55296}.Release_GLES2|Win32.ActiveCfg = Release|Win32
		{18BEB38F-1F91-4D2A-8EA9-F010F6B55296}.Release_GLES2|Win32.Build.0 = Release|Win32
		{18BEB38F-1F91-4D2A-8EA9-F010F6B55296}.Release_GLES2|x64.ActiveCfg = Release|Win32
		{18BEB38F-1F91-4D2A-8EA9-F010F6B55296}.Release|Any CPU.ActiveCfg = Release|Win32
		{18BEB38F-1F91-4D2A-8EA9-F010F6B55296}.Release|Mixed Platforms.ActiveCfg = Release|Win32
		{18BEB38F-1F91-4D2A-8EA9-F010F6B55296}.Release|Mixed Platforms.Build.0 = Release|Win32
		{18BEB38F-1F91-4D2A-8EA9-F010F6B55296}.Release|Win32.ActiveCfg = Release|Win32
		{18BEB38F-1F91-4D2A-8EA9-F010F6B55296}.Release|Win32.Build.0 = Release|Win32
		{18BEB38F-1F91-4D2A-8EA9-F010F6B55296}.Release|x64.ActiveCfg = Release|Win32
		{18BEB38F-1F91-4D2A-8EA9-F010F6B55296}.RelWithDebInfo|Any CPU.ActiveCfg = Release|Win32
		{18BEB38F-1F91-4D2A-8EA9-F010F6B55296}.RelWithDebInfo|Mixed Platforms.ActiveCfg = Release|Win32
		{18BEB38F-1F91-4D2A-8EA9-F010F6B55296}.RelWithDebInfo|Mixed Platforms.Build.0 = Release|Win32
		{18BEB38F-1F91-4D2A-8EA9-F010F6B55296}.RelWithDebInfo|Win32.ActiveCfg = Release|Win32
		{18BEB38F-1F91-4D2A-8EA9-F010F6B55296}.RelWithDebInfo|Win32.Build.0 = Release|Win32
		{18BEB38F-1F91-4D2A-8EA9-F010F6B55296}.RelWithDebInfo|x64.ActiveCfg = Release|Win32
		{4B3D80FE-2420-4065-A33C-4162CE4EE340}.Debug Tests|Any CPU.ActiveCfg = Debug|Win32
		{4B3D80FE-2420-4065-A33C-4162CE4EE340}.Debug Tests|Mixed Platforms.ActiveCfg = Debug|Win32
		{4B3D80FE-2420-4065-A33C-4162CE4EE340}.Debug Tests|Mixed Platforms.Build.0 = Debug|Win32
		{4B3D80FE-2420-4065-A33C-4162CE4EE340}.Debug Tests|Win32.ActiveCfg = Debug|Win32
		{4B3D80FE-2420-4065-A33C-4162CE4EE340}.Debug Tests|Win32.Build.0 = Debug|Win32
		{4B3D80FE-2420-4065-A33C-4162CE4EE340}.Debug Tests|x64.ActiveCfg = Debug|Win32
		{4B3D80FE-2420-4065-A33C-4162CE4EE340}.Debug_GLES2|Any CPU.ActiveCfg = Debug|Win32
		{4B3D80FE-2420-4065-A33C-4162CE4EE340}.Debug_GLES2|Mixed Platforms.ActiveCfg = Debug|Win32
		{4B3D80FE-2420-4065-A33C-4162CE4EE340}.Debug_GLES2|Mixed Platforms.Build.0 = Debug|Win32
		{4B3D80FE-2420-4065-A33C-4162CE4EE340}.Debug_GLES2|Win32.ActiveCfg = Debug|Win32
		{4B3D80FE-2420-4065-A33C-4162CE4EE340}.Debug_GLES2|Win32.Build.0 = Debug|Win32
		{4B3D80FE-2420-4065-A33C-4162CE4EE340}.Debug_GLES2|x64.ActiveCfg = Debug|Win32
		{4B3D80FE-2420-4065-A33C-4162CE4EE340}.Debug|Any CPU.ActiveCfg = Debug|Win32
		{4B3D80FE-2420-4065-A33C-4162CE4EE340}.Debug|Mixed Platforms.ActiveCfg = Debug|Win32
		{4B3D80FE-2420-4065-A33C-4162CE4EE340}.Debug|Mixed Platforms.Build.0 = Debug|Win32
		{4B3D80FE-2420-4065-A33C-4162CE4EE340}.Debug|Win32.ActiveCfg = Debug|Win32
		{4B3D80FE-2420-4065-A33C-4162CE4EE340}.Debug|Win32.Build.0 = Debug|Win32
		{4B3D80FE-2420-4065-A33C-4162CE4EE340}.Debug|x64.ActiveCfg = Debug|Win32
		{4B3D80FE-2420-4065-A33C-4162CE4EE340}.MinSizeRel|Any CPU.ActiveCfg = Release|Win32
		{4B3D80FE-2420-4065-A33C-4162CE4EE340}.MinSizeRel|Mixed Platforms.ActiveCfg = Release|Win32
		{4B3D80FE-2420-4065-A33C-4162CE4EE340}.MinSizeRel|Mixed Platforms.Build.0 = Release|Win32
		{4B3D80FE-2420-4065-A33C-4162CE4EE340}.MinSizeRel|Win32.ActiveCfg = Release|Win32
		{4B3D80FE-2420-4065-A33C-4162CE4EE340}.MinSizeRel|Win32.Build.0 = Release|Win32
		{4B3D80FE-2420-4065-A33C-4162CE4EE340}.MinSizeRel|x64.ActiveCfg = Release|Win32
		{4B3D80FE-2420-4065-A33C-4162CE4EE340}.Release_GLES2|Any CPU.ActiveCfg = Release|Win32
		{4B3D80FE-2420-4065-A33C-4162CE4EE340}.Release_GLES2|Mixed Platforms.ActiveCfg = Release|Win32
		{4B3D80FE-2420-4065-A33C-4162CE4EE340}.Release_GLES2|Mixed Platforms.Build.0 = Release|Win32
		{4B3D80FE-2420-4065-A33C-4162CE4EE340}.Release_GLES2|Win32.ActiveCfg = Release|Win32
		{4B3D80FE-2420-4065-A33C-4162CE4EE340}.Release_GLES2|Win32.Build.0 = Release|Win32
		{4B3D80FE-2420-4065-A33C-4162CE4EE340}.Release_GLES2|x64.ActiveCfg = Release|Win32
		{4B3D80FE-2420-4065-A33C-4162CE4EE340}.Release|Any CPU.ActiveCfg = Release|Win32
		{4B3D80FE-2420-4065-A33C-4162CE4EE340}.Release|Mixed Platforms.ActiveCfg = Release|Win32
		{4B3D80FE-2420-4065-A33C-4162CE4EE340}.Release|Mixed Platforms.Build.0 = Release|Win32
		{4B3D80FE-2420-4065-A33C-4162CE4EE340}.Release|Win32.ActiveCfg = Release|Win32
		{4B3D80FE-2420-4065-A33C-4162CE4EE340}.Release|Win32.Build.0 = Release|Win32
		{4B3D80FE-2420-4065-A33C-4162CE4EE340}.Release|x64.ActiveCfg = Release|Win32
		{4B3D80FE-2420-4065-A33C-4162CE4EE340}.RelWithDebInfo|Any CPU.ActiveCfg = Release|Win32
		{4B3D80FE-2420-4065-A33C-4162CE4EE340}.RelWithDebInfo|Mixed Platforms.ActiveCfg = Release|Win32
		{4B3D80FE-2420-4065-A33C-4162CE4EE340}.RelWithDebInfo|Mixed Platforms.Build.0 = Release|Win32
		{4B3D80FE-2420-4065-A33C-4162CE4EE340}.RelWithDebInfo|Win32.ActiveCfg = Release|Win32
		{4B3D80FE-2420-4065-A33C-4162CE4EE340}.RelWithDebInfo|Win32.Build.0 = Release|Win32
		{4B3D80FE-2420-4065-A33C-4162CE4EE340}.RelWithDebInfo|x64.ActiveCfg = Release|Win32
		{92C71FFF-CEAC-4C56-B443-AFD287690D84}.Debug Tests|Any CPU.ActiveCfg = Debug|Win32
		{92C71FFF-CEAC-4C56-B443-AFD287690D84}.Debug Tests|Mixed Platforms.ActiveCfg = Debug|Win32
		{92C71FFF-CEAC-4C56-B443-AFD287690D84}.Debug Tests|Mixed Platforms.Build.0 = Debug|Win32
		{92C71FFF-CEAC-4C56-B443-AFD287690D84}.Debug Tests|Win32.ActiveCfg = Debug|Win32
		{92C71FFF-CEAC-4C56-B443-AFD287690D84}.Debug Tests|Win32.Build.0 = Debug|Win32
		{92C71FFF-CEAC-4C56-B443-AFD287690D84}.Debug Tests|x64.ActiveCfg = Debug|Win32
		{92C71FFF-CEAC-4C56-B443-AFD287690D84}.Debug_GLES2|Any CPU.ActiveCfg = Debug|Win32
		{92C71FFF-CEAC-4C56-B443-AFD287690D84}.Debug_GLES2|Mixed Platforms.ActiveCfg = Debug|Win32
		{92C71FFF-CEAC-4C56-B443-AFD287690D84}.Debug_GLES2|Mixed Platforms.Build.0 = Debug|Win32
		{92C71FFF-CEAC-4C56-B443-AFD287690D84}.Debug_GLES2|Win32.ActiveCfg = Debug|Win32
		{92C71FFF-CEAC-4C56-B443-AFD287690D84}.Debug_GLES2|Win32.Build.0 = Debug|Win32
		{92C71FFF-CEAC-4C56-B443-AFD287690D84}.Debug_GLES2|x64.ActiveCfg = Debug|Win32
		{92C71FFF-CEAC-4C56-B443-AFD287690D84}.Debug|Any CPU.ActiveCfg = Debug|Win32
		{92C71FFF-CEAC-4C56-B443-AFD287690D84}.Debug|Mixed Platforms.ActiveCfg = Debug|Win32
		{92C71FFF-CEAC-4C56-B443-AFD287690D84}.Debug|Mixed Platforms.Build.0 = Debug|Win32
		{92C71FFF-CEAC-4C56-B443-AFD287690D84}.Debug|Win32.ActiveCfg = Debug|Win32
		{92C71FFF-CEAC-4C56-B443-AFD287690D84}.Debug|Win32.Build.0 = Debug|Win32
		{92C71FFF-CEAC-4C56-B443-AFD287690D84}.Debug|x64.ActiveCfg = Debug|Win32
		{92C71FFF-CEAC-4C56-B443-AFD287690D84}.MinSizeRel|Any CPU.ActiveCfg = Release|Win32
		{92C71FFF-CEAC-4C56-B443-AFD287690D84}.MinSizeRel|Mixed Platforms.ActiveCfg = Release|Win32
		{92C71FFF-CEAC-4C56-B443-AFD287690D84}.MinSizeRel|Mixed Platforms.Build.0 = Release|Win32
		{92C71FFF-CEAC-4C56-B443-AFD287690D84}.MinSizeRel|Win32.ActiveCfg = Release|Win32
		{92C71FFF-CEAC-4C56-B443-AFD287690D84}.MinSizeRel|Win32.Build.0 = Release|Win32
		{92C71FFF-CEAC-4C56-B443-AFD287690D84}.MinSizeRel|x64.ActiveCfg = Release|Win32
		{92C71FFF-CEAC-4C56-B443-AFD287690D84}.Release_GLES2|Any CPU.ActiveCfg = Release|Win32
		{92C71FFF-CEAC-4C56-B443-AFD287690D84}.Release_GLES2|Mixed Platforms.ActiveCfg = Release|Win32
		{92C71FFF-CEAC-4C56-B443-AFD287690D84}.Release_GLES2|Mixed Platforms.Build.0 = Release|Win32
		{92C71FFF-CEAC-4C56-B443-AFD287690D84}.Release_GLES2|Win32.ActiveCfg = Release|Win32
		{92C71FFF-CEAC-4C56-B443-AFD287690D84}.Release_GLES2|Win32.Build.0 = Release|Win32
		{92C71FFF-CEAC-4C56-B443-AFD287690D84}.Release_GLES2|x64.ActiveCfg = Release|Win32
		{92C71FFF-CEAC-4C56-B443-AFD287690D84}.Release|Any CPU.ActiveCfg = Release|Win32
		{92C71FFF-CEAC-4C56-B443-AFD287690D84}.Release|Mixed Platforms.ActiveCfg = Release|Win32
		{92C71FFF-CEAC-4C56-B443-AFD287690D84}.Release|Mixed Platforms.Build.0 = Release|Win32
		{92C71FFF-CEAC-4C56-B443-AFD287690D84}.Release|Win32.ActiveCfg = Release|Win32
		{92C71FFF-CEAC-4C56-B443-AFD287690D84}.Release|Win32.Build.0 = Release|Win32
		{92C71FFF-CEAC-4C56-B443-AFD287690D84}.Release|x64.ActiveCfg = Release|Win32
		{92C71FFF-CEAC-4C56-B443-AFD287690D84}.RelWithDebInfo|Any CPU.ActiveCfg = Release|Win32
		{92C71FFF-CEAC-4C56-B443-AFD287690D84}.RelWithDebInfo|Mixed Platforms.ActiveCfg = Release|Win32
		{92C71FFF-CEAC-4C56-B443-AFD287690D84}.RelWithDebInfo|Mixed Platforms.Build.0 = Release|Win32
		{92C71FFF-CEAC-4C56-B443-AFD287690D84}.RelWithDebInfo|Win32.ActiveCfg = Release|Win32
		{92C71FFF-CEAC-4C56-B443-AFD287690D84}.RelWithDebInfo|Win32.Build.0 = Release|Win32
		{92C71FFF-CEAC-4C56-B443-AFD287690D84}.RelWithDebInfo|x64.ActiveCfg = Release|Win32
		{2BD68453-0EC0-4869-894E-2186D7400BA2}.Debug Tests|Any CPU.ActiveCfg = Debug|Win32
		{2BD68453-0EC0-4869-894E-2186D7400BA2}.Debug Tests|Mixed Platforms.ActiveCfg = Debug|Win32
		{2BD68453-0EC0-4869-894E-2186D7400BA2}.Debug Tests|Mixed Platforms.Build.0 = Debug|Win32
		{2BD68453-0EC0-4869-894E-2186D7400BA2}.Debug Tests|Win32.ActiveCfg = Debug|Win32
		{2BD68453-0EC0-4869-894E-2186D7400BA2}.Debug Tests|Win32.Build.0 = Debug|Win32
		{2BD68453-0EC0-4869-894E-2186D7400BA2}.Debug Tests|x64.ActiveCfg = Debug|Win32
		{2BD68453-0EC0-4869-894E-2186D7400BA2}.Debug_GLES2|Any CPU.ActiveCfg = Debug|Win32
		{2BD68453-0EC0-4869-894E-2186D7400BA2}.Debug_GLES2|Mixed Platforms.ActiveCfg = Debug|Win32
		{2BD68453-0EC0-4869-894E-2186D7400BA2}.Debug_GLES2|Mixed Platforms.Build.0 = Debug|Win32
		{2BD68453-0EC0-4869-894E-2186D7400BA2}.Debug_GLES2|Win32.ActiveCfg = Debug|Win32
		{2BD68453-0EC0-4869-894E-2186D7400BA2}.Debug_GLES2|Win32.Build.0 = Debug|Win32
		{2BD68453-0EC0-4869-894E-2186D7400BA2}.Debug_GLES2|x64.ActiveCfg = Debug|Win32
		{2BD68453-0EC0-4869-894E-2186D7400BA2}.Debug|Any CPU.ActiveCfg = Debug|Win32
		{2BD68453-0EC0-4869-894E-2186D7400BA2}.Debug|Mixed Platforms.ActiveCfg = Debug|Win32
		{2BD68453-0EC0-4869-894E-2186D7400BA2}.Debug|Mixed Platforms.Build.0 = Debug|Win32
		{2BD68453-0EC0-4869-894E-2186D7400BA2}.Debug|Win32.ActiveCfg = Debug|Win32
		{2BD68453-0EC0-4869-894E-2186D7400BA2}.Debug|Win32.Build.0 = Debug|Win32
		{2BD68453-0EC0-4869-894E-2186D7400BA2}.Debug|x64.ActiveCfg = Debug|Win32
		{2BD68453-0EC0-4869-894E-2186D7400BA2}.MinSizeRel|Any CPU.ActiveCfg = Release|Win32
		{2BD68453-0EC0-4869-894E-2186D7400BA2}.MinSizeRel|Mixed Platforms.ActiveCfg = Release|Win32
		{2BD68453-0EC0-4869-894E-2186D7400BA2}.MinSizeRel|Mixed Platforms.Build.0 = Release|Win32
		{2BD68453-0EC0-4869-894E-2186D7400BA2}.MinSizeRel|Win32.ActiveCfg = Release|Win32
		{2BD68453-0EC0-4869-894E-2186D7400BA2}.MinSizeRel|Win32.Build.0 = Release|Win32
		{2BD68453-0EC0-4869-894E-2186D7400BA2}.MinSizeRel|x64.ActiveCfg = Release|Win32
		{2BD68453-0EC0-4869-894E-2186D7400BA2}.Release_GLES2|Any CPU.ActiveCfg = Release|Win32
		{2BD68453-0EC0-4869-894E-2186D7400BA2}.Release_GLES2|Mixed Platforms.ActiveCfg = Release|Win32
		{2BD68453-0EC0-4869-894E-2186D7400BA2}.Release_GLES2|Mixed Platforms.Build.0 = Release|Win32
		{2BD68453-0EC0-4869-894E-2186D7400BA2}.Release_GLES2|Win32.ActiveCfg = Release|Win32
		{2BD68453-0EC0-4869-894E-2186D7400BA2}.Release_GLES2|Win32.Build.0 = Release|Win32
		{2BD68453-0EC0-4869-894E-2186D7400BA2}.Release_GLES2|x64.ActiveCfg = Release|Win32
		{2BD68453-0EC0-4869-894E-2186D7400BA2}.Release|Any CPU.ActiveCfg = Release|Win32
		{2BD68453-0EC0-4869-894E-2186D7400BA2}.Release|Mixed Platforms.ActiveCfg = Release|Win32
		{2BD68453-0EC0-4869-894E-2186D7400BA2}.Release|Mixed Platforms.Build.0 = Release|Win32
		{2BD68453-0EC0-4869-894E-2186D7400BA2}.Release|Win32.ActiveCfg = Release|Win32
		{2BD68453-0EC0-4869-894E-2186D7400BA2}.Release|Win32.Build.0 = Release|Win32
		{2BD68453-0EC0-4869-894E-2186D7400BA2}.Release|x64.ActiveCfg = Release|Win32
		{2BD68453-0EC0-4869-894E-2186D7400BA2}.RelWithDebInfo|Any CPU.ActiveCfg = Release|Win32
		{2BD68453-0EC0-4869-894E-2186D7400BA2}.RelWithDebInfo|Mixed Platforms.ActiveCfg = Release|Win32
		{2BD68453-0EC0-4869-894E-2186D7400BA2}.RelWithDebInfo|Mixed Platforms.Build.0 = Release|Win32
		{2BD68453-0EC0-4869-894E-2186D7400BA2}.RelWithDebInfo|Win32.ActiveCfg = Release|Win32
		{2BD68453-0EC0-4869-894E-2186D7400BA2}.RelWithDebInfo|Win32.Build.0 = Release|Win32
		{2BD68453-0EC0-4869-894E-2186D7400BA2}.RelWithDebInfo|x64.ActiveCfg = Release|Win32
	EndGlobalSection
	GlobalSection(SolutionProperties) = preSolution
		HideSolutionNode = FALSE
	EndGlobalSection
	GlobalSection(NestedProjects) = preSolution
		{5D8900C3-4733-4F4B-B261-C2A05E75D97C} = {8348493F-FB2B-4D0D-985B-0498636369B9}
		{7647A02D-BE30-49AF-937F-DCB243142947} = {8348493F-FB2B-4D0D-985B-0498636369B9}
		{74E2BECE-7E00-43B0-9700-BBEEF31002BB} = {8348493F-FB2B-4D0D-985B-0498636369B9}
		{4BA83D4B-0167-4CBC-AC7B-9C52FB581736} = {8348493F-FB2B-4D0D-985B-0498636369B9}
		{32CF1568-8FFE-48C7-914B-9F8ED5F14D30} = {8348493F-FB2B-4D0D-985B-0498636369B9}
		{BC6E42F8-4629-4D7D-9B58-1AD8B1DC2CB7} = {8348493F-FB2B-4D0D-985B-0498636369B9}
		{A74B3EE0-B2BB-42D8-9DC4-BBC8301F0F5F} = {8348493F-FB2B-4D0D-985B-0498636369B9}
		{3740F976-0B42-44D6-BBB5-500FB527AD52} = {8348493F-FB2B-4D0D-985B-0498636369B9}
		{253FA6F4-15F9-4780-B6C2-92B4B6EED46B} = {8348493F-FB2B-4D0D-985B-0498636369B9}
		{4DC1FF4B-776E-4E9D-B8E9-3419E75E7309} = {2E429A47-1008-4646-BFB8-F211948851F4}
		{7896646B-4985-4DA7-AFF4-201FFC41097D} = {2E429A47-1008-4646-BFB8-F211948851F4}
		{7669AD39-6D79-49AB-89E5-EB7FFED3A993} = {2E429A47-1008-4646-BFB8-F211948851F4}
		{2BD68453-0EC0-4869-894E-2186D7400BA2} = {2E429A47-1008-4646-BFB8-F211948851F4}
		{244FE18D-6CF8-4FFE-BB4B-E48E3B3B8157} = {44AC4FE9-934B-4A13-919D-2B0EB940FDFE}
		{18BEB38F-1F91-4D2A-8EA9-F010F6B55296} = {44AC4FE9-934B-4A13-919D-2B0EB940FDFE}
		{0AB0C682-0C1A-4861-8B9C-310030764593} = {876E0D0D-665A-4AF1-BC00-21E060E87F68}
		{4B3D80FE-2420-4065-A33C-4162CE4EE340} = {2E9F61C6-C2B9-4380-8DDA-929C514E53EA}
		{92C71FFF-CEAC-4C56-B443-AFD287690D84} = {2E9F61C6-C2B9-4380-8DDA-929C514E53EA}
	EndGlobalSection
EndGlobal
