<?xml version="1.0" encoding="utf-8"?>
<Project ToolsVersion="4.0" xmlns="http://schemas.microsoft.com/developer/msbuild/2003">
  <ItemGroup>
    <Filter Include="Source Files">
      <UniqueIdentifier>{4FC737F1-C7A5-4376-A066-2A32D752A2FF}</UniqueIdentifier>
      <Extensions>cpp;c;cc;cxx;def;odl;idl;hpj;bat;asm;asmx</Extensions>
    </Filter>
    <Filter Include="Header Files">
      <UniqueIdentifier>{93995380-89BD-4b04-88EB-625FBE52EBFB}</UniqueIdentifier>
      <Extensions>h;hpp;hxx;hm;inl;inc;xsd</Extensions>
    </Filter>
    <Filter Include="Resource Files">
      <UniqueIdentifier>{67DA6AB6-F800-4c08-8B7A-83BB121AAD01}</UniqueIdentifier>
      <Extensions>rc;ico;cur;bmp;dlg;rc2;rct;bin;rgs;gif;jpg;jpeg;jpe;resx;tiff;tif;png;wav;mfcribbon-ms</Extensions>
    </Filter>
    <Filter Include="Header Files\Framework">
      <UniqueIdentifier>{4baa9d53-b3b2-4743-b86e-b149494e8fb9}</UniqueIdentifier>
    </Filter>
    <Filter Include="Source Files\Framework">
      <UniqueIdentifier>{b87de727-53bb-4fa5-84df-83bf141bbd6d}</UniqueIdentifier>
    </Filter>
  </ItemGroup>
  <ItemGroup>
    <None Include="ReadMe.txt" />
  </ItemGroup>
  <ItemGroup>
    <ClCompile Include="OpenAL\framework\aldlist.cpp">
      <Filter>Source Files\Framework</Filter>
    </ClCompile>
    <ClCompile Include="OpenAL\framework\CWaves.cpp">
      <Filter>Source Files\Framework</Filter>
    </ClCompile>
    <ClCompile Include="OpenAL\framework\Framework.cpp">
      <Filter>Source Files\Framework</Filter>
    </ClCompile>
    <ClCompile Include="OpenAL\framework\LoadOAL.cpp">
      <Filter>Source Files\Framework</Filter>
    </ClCompile>
    <ClCompile Include="ASCAudioEffect.cpp">
      <Filter>Source Files</Filter>
    </ClCompile>
    <ClCompile Include="ASCAudioManager.cpp">
      <Filter>Source Files</Filter>
    </ClCompile>
    <ClCompile Include="ASCAudioFile.cpp">
      <Filter>Source Files</Filter>
    </ClCompile>
    <ClCompile Include="ASCSound.cpp">
      <Filter>Source Files</Filter>
    </ClCompile>
  </ItemGroup>
  <ItemGroup>
    <ClInclude Include="OpenAL\framework\aldlist.h">
      <Filter>Header Files\Framework</Filter>
    </ClInclude>
    <ClInclude Include="OpenAL\framework\LoadOAL.h">
      <Filter>Header Files\Framework</Filter>
    </ClInclude>
    <ClInclude Include="OpenAL\framework\CWaves.h">
      <Filter>Header Files\Framework</Filter>
    </ClInclude>
    <ClInclude Include="OpenAL\framework\Framework.h">
      <Filter>Header Files\Framework</Filter>
    </ClInclude>
    <ClInclude Include="ASCAudioEffect.h">
      <Filter>Header Files</Filter>
    </ClInclude>
    <ClInclude Include="ASCAudioManager.h">
      <Filter>Header Files</Filter>
    </ClInclude>
    <ClInclude Include="ASCAudioFile.h">
      <Filter>Header Files</Filter>
    </ClInclude>
    <ClInclude Include="ASCAudioSound.h">
      <Filter>Header Files</Filter>
    </ClInclude>
    <ClInclude Include="ASCSound.h">
      <Filter>Header Files</Filter>
    </ClInclude>
  </ItemGroup>
</Project>